// !$*UTF8*$!
{
	archiveVersion = 1;
	classes = {
	};
	objectVersion = 46;
	objects = {

/* Begin PBXBuildFile section */
		016DC792CE74AD25F8CCFB5E /* Pods_FinStat_Ukraine.framework in Frameworks */ = {isa = PBXBuildFile; fileRef = 7D8D0F0F1103B7DDB23BC7BB /* Pods_FinStat_Ukraine.framework */; };
		C60A0FC4204D68120010FDB3 /* RefreshController.xib in Resources */ = {isa = PBXBuildFile; fileRef = C60A0FC2204D68110010FDB3 /* RefreshController.xib */; };
		C60A0FC5204D68120010FDB3 /* RefreshController.swift in Sources */ = {isa = PBXBuildFile; fileRef = C60A0FC3204D68120010FDB3 /* RefreshController.swift */; };
		C61F1F071F18B06700F0AF87 /* AppDelegate.swift in Sources */ = {isa = PBXBuildFile; fileRef = C61F1F061F18B06700F0AF87 /* AppDelegate.swift */; };
		C61F1F0F1F18B06700F0AF87 /* NBUStat.xcdatamodeld in Sources */ = {isa = PBXBuildFile; fileRef = C61F1F0D1F18B06700F0AF87 /* NBUStat.xcdatamodeld */; };
		C61F1F111F18B06700F0AF87 /* Assets.xcassets in Resources */ = {isa = PBXBuildFile; fileRef = C61F1F101F18B06700F0AF87 /* Assets.xcassets */; };
		C61F1F141F18B06700F0AF87 /* LaunchScreen.storyboard in Resources */ = {isa = PBXBuildFile; fileRef = C61F1F121F18B06700F0AF87 /* LaunchScreen.storyboard */; };
		C61F1F1F1F18B06700F0AF87 /* NBUStatTests.swift in Sources */ = {isa = PBXBuildFile; fileRef = C61F1F1E1F18B06700F0AF87 /* NBUStatTests.swift */; };
		C61F1F2A1F18B06700F0AF87 /* NBUStatUITests.swift in Sources */ = {isa = PBXBuildFile; fileRef = C61F1F291F18B06700F0AF87 /* NBUStatUITests.swift */; };
		C61F1F391F18B1EF00F0AF87 /* CurrencyRate.swift in Sources */ = {isa = PBXBuildFile; fileRef = C61F1F381F18B1EF00F0AF87 /* CurrencyRate.swift */; };
		C61F1F3B1F18B20100F0AF87 /* CurrencyRates.swift in Sources */ = {isa = PBXBuildFile; fileRef = C61F1F3A1F18B20100F0AF87 /* CurrencyRates.swift */; };
		C61F1F3E1F18C14E00F0AF87 /* NBURatesTableViewController.swift in Sources */ = {isa = PBXBuildFile; fileRef = C61F1F3D1F18C14E00F0AF87 /* NBURatesTableViewController.swift */; };
		C61F1F461F18C29500F0AF87 /* NBUCurrencyRatesManager.swift in Sources */ = {isa = PBXBuildFile; fileRef = C61F1F451F18C29500F0AF87 /* NBUCurrencyRatesManager.swift */; };
		C61F1F481F18DE9A00F0AF87 /* CurrencyViewController.swift in Sources */ = {isa = PBXBuildFile; fileRef = C61F1F471F18DE9A00F0AF87 /* CurrencyViewController.swift */; };
		C66903831F1CED620063BA91 /* NBURateTableViewController.swift in Sources */ = {isa = PBXBuildFile; fileRef = C66903821F1CED620063BA91 /* NBURateTableViewController.swift */; };
		C66903851F1CF3070063BA91 /* CurrencyNavigatoinController.swift in Sources */ = {isa = PBXBuildFile; fileRef = C66903841F1CF3070063BA91 /* CurrencyNavigatoinController.swift */; };
		C66903871F1D05590063BA91 /* HistoricalCurrencyRateTableViewCell.swift in Sources */ = {isa = PBXBuildFile; fileRef = C66903861F1D05590063BA91 /* HistoricalCurrencyRateTableViewCell.swift */; };
		C6F323CB1F2F7C3100363DC1 /* Settings.bundle in Resources */ = {isa = PBXBuildFile; fileRef = C6F323CA1F2F7C3100363DC1 /* Settings.bundle */; };
		C6F323CF1F2F900400363DC1 /* .travis.yml in Resources */ = {isa = PBXBuildFile; fileRef = C6F323CE1F2F900400363DC1 /* .travis.yml */; };
		D906290B2049E64B00118375 /* HryvniaTodayModuleBuilder.swift in Sources */ = {isa = PBXBuildFile; fileRef = D906290A2049E64B00118375 /* HryvniaTodayModuleBuilder.swift */; };
		D906290D2049E6E200118375 /* HryvniaTodayService.swift in Sources */ = {isa = PBXBuildFile; fileRef = D906290C2049E6E200118375 /* HryvniaTodayService.swift */; };
		D906290F2049E91F00118375 /* HryvniaTodayPresenter.swift in Sources */ = {isa = PBXBuildFile; fileRef = D906290E2049E91F00118375 /* HryvniaTodayPresenter.swift */; };
		D90629112049EBEB00118375 /* Currencies.storyboard in Resources */ = {isa = PBXBuildFile; fileRef = D90629102049EBEB00118375 /* Currencies.storyboard */; };
		D90629132049ED0E00118375 /* ContainerViewController.swift in Sources */ = {isa = PBXBuildFile; fileRef = D90629122049ED0E00118375 /* ContainerViewController.swift */; };
		D90629152049EE2200118375 /* HryvniaTodayTableViewController.swift in Sources */ = {isa = PBXBuildFile; fileRef = D90629142049EE2200118375 /* HryvniaTodayTableViewController.swift */; };
		D90629172049F61500118375 /* String+Number.swift in Sources */ = {isa = PBXBuildFile; fileRef = D90629162049F61500118375 /* String+Number.swift */; };
		D90629192049FADE00118375 /* Sttring+Time.swift in Sources */ = {isa = PBXBuildFile; fileRef = D90629182049FADE00118375 /* Sttring+Time.swift */; };
		D906291B2049FDA400118375 /* CurrencyName.swift in Sources */ = {isa = PBXBuildFile; fileRef = D906291A2049FDA400118375 /* CurrencyName.swift */; };
		D906291D204A050700118375 /* String+DifferenceComparationResult.swift in Sources */ = {isa = PBXBuildFile; fileRef = D906291C204A050700118375 /* String+DifferenceComparationResult.swift */; };
		D906291F204A052200118375 /* DifferenceComparationResult.swift in Sources */ = {isa = PBXBuildFile; fileRef = D906291E204A052100118375 /* DifferenceComparationResult.swift */; };
		D9062921204A06AA00118375 /* UILabel+Colorification.swift in Sources */ = {isa = PBXBuildFile; fileRef = D9062920204A06AA00118375 /* UILabel+Colorification.swift */; };
		D9062923204B425600118375 /* DataProviderCredits.storyboard in Resources */ = {isa = PBXBuildFile; fileRef = D9062922204B425500118375 /* DataProviderCredits.storyboard */; };
		D9062925204B45FC00118375 /* DataProviderInfoViewController.swift in Sources */ = {isa = PBXBuildFile; fileRef = D9062924204B45FC00118375 /* DataProviderInfoViewController.swift */; };
		D9062927204B4A1200118375 /* DataProviderInfoProtocol.swift in Sources */ = {isa = PBXBuildFile; fileRef = D9062926204B4A1200118375 /* DataProviderInfoProtocol.swift */; };
		D9062929204B4ED800118375 /* NBUCurrencyRatesManager+DataProviderInfo.swift in Sources */ = {isa = PBXBuildFile; fileRef = D9062928204B4ED800118375 /* NBUCurrencyRatesManager+DataProviderInfo.swift */; };
		D906292B204B524D00118375 /* HryvniaTodayPresenter+DataProviderInfo.swift in Sources */ = {isa = PBXBuildFile; fileRef = D906292A204B524D00118375 /* HryvniaTodayPresenter+DataProviderInfo.swift */; };
		D961F927204DEEE200F46F8A /* UXCurrentIndexModuleBuilder.swift in Sources */ = {isa = PBXBuildFile; fileRef = D961F926204DEEE200F46F8A /* UXCurrentIndexModuleBuilder.swift */; };
		D961F929204DEF8800F46F8A /* UXCurrentIndex.storyboard in Resources */ = {isa = PBXBuildFile; fileRef = D961F928204DEF8800F46F8A /* UXCurrentIndex.storyboard */; };
		D961F92B204DF04900F46F8A /* UXCurrentIndexViewController.swift in Sources */ = {isa = PBXBuildFile; fileRef = D961F92A204DF04900F46F8A /* UXCurrentIndexViewController.swift */; };
		D961F92D204E5FF000F46F8A /* UXCurrentIndexPresenter.swift in Sources */ = {isa = PBXBuildFile; fileRef = D961F92C204E5FF000F46F8A /* UXCurrentIndexPresenter.swift */; };
		D961F92F204E605B00F46F8A /* UXCurrentIndexPresenter+DataProviderInfo.swift in Sources */ = {isa = PBXBuildFile; fileRef = D961F92E204E605B00F46F8A /* UXCurrentIndexPresenter+DataProviderInfo.swift */; };
		D961F931204E73CA00F46F8A /* UXCurrentIndexInteractor.swift in Sources */ = {isa = PBXBuildFile; fileRef = D961F930204E73CA00F46F8A /* UXCurrentIndexInteractor.swift */; };
		D961F933204E7A0B00F46F8A /* UXCurrencyIndexModel.swift in Sources */ = {isa = PBXBuildFile; fileRef = D961F932204E7A0B00F46F8A /* UXCurrencyIndexModel.swift */; };
		D961F935204F493400F46F8A /* UXCurrentIndexRouter.swift in Sources */ = {isa = PBXBuildFile; fileRef = D961F934204F493400F46F8A /* UXCurrentIndexRouter.swift */; };
		D961F93B204F4C2200F46F8A /* DataProviderPresentingProtocol.swift in Sources */ = {isa = PBXBuildFile; fileRef = D961F93A204F4C2200F46F8A /* DataProviderPresentingProtocol.swift */; };
		D961F93D204F4F3000F46F8A /* ThemeManager.swift in Sources */ = {isa = PBXBuildFile; fileRef = D961F93C204F4F3000F46F8A /* ThemeManager.swift */; };
		D96B2A05203B971C00027099 /* BaseTableViewController.swift in Sources */ = {isa = PBXBuildFile; fileRef = D96B2A04203B971C00027099 /* BaseTableViewController.swift */; };
		D96B2A07203CA41800027099 /* PresenterViewDelegate.swift in Sources */ = {isa = PBXBuildFile; fileRef = D96B2A06203CA41800027099 /* PresenterViewDelegate.swift */; };
		D96B2A09203CA55A00027099 /* PresenterProtocol.swift in Sources */ = {isa = PBXBuildFile; fileRef = D96B2A08203CA55A00027099 /* PresenterProtocol.swift */; };
		D96B2A0C203CB36500027099 /* NBURatesTableViewCell.swift in Sources */ = {isa = PBXBuildFile; fileRef = D96B2A0A203CB36500027099 /* NBURatesTableViewCell.swift */; };
		D96B2A0D203CB36500027099 /* NBURatesTableViewCell.xib in Resources */ = {isa = PBXBuildFile; fileRef = D96B2A0B203CB36500027099 /* NBURatesTableViewCell.xib */; };
		D96B2A0F203CB39500027099 /* BaseTableCellProtocol.swift in Sources */ = {isa = PBXBuildFile; fileRef = D96B2A0E203CB39500027099 /* BaseTableCellProtocol.swift */; };
		D96B2A11203CBF7D00027099 /* MainViewController.swift in Sources */ = {isa = PBXBuildFile; fileRef = D96B2A10203CBF7D00027099 /* MainViewController.swift */; };
		D96B2A13203CC55900027099 /* DetailControllerPresenterProtocol.swift in Sources */ = {isa = PBXBuildFile; fileRef = D96B2A12203CC55900027099 /* DetailControllerPresenterProtocol.swift */; };
		D96F175D203A183F00869372 /* MainMasterDetail.storyboard in Resources */ = {isa = PBXBuildFile; fileRef = D96F175B203A183F00869372 /* MainMasterDetail.storyboard */; };
		D96F175F203A23E200869372 /* ModuleProvider.swift in Sources */ = {isa = PBXBuildFile; fileRef = D96F175E203A23E200869372 /* ModuleProvider.swift */; };
		D96F1761203A248900869372 /* DataProvidersTests.swift in Sources */ = {isa = PBXBuildFile; fileRef = D96F1760203A248900869372 /* DataProvidersTests.swift */; };
		D96F1763203A25AB00869372 /* ProvidersListTableViewController.swift in Sources */ = {isa = PBXBuildFile; fileRef = D96F1762203A25AB00869372 /* ProvidersListTableViewController.swift */; };
		D96F1766203A261900869372 /* ProviderTableViewCell.swift in Sources */ = {isa = PBXBuildFile; fileRef = D96F1764203A261900869372 /* ProviderTableViewCell.swift */; };
		D96F1767203A261900869372 /* ProviderTableViewCell.xib in Resources */ = {isa = PBXBuildFile; fileRef = D96F1765203A261900869372 /* ProviderTableViewCell.xib */; };
		D9720A35203E0CA000F81CBB /* CurrencyRates.storyboard in Resources */ = {isa = PBXBuildFile; fileRef = D9720A34203E0CA000F81CBB /* CurrencyRates.storyboard */; };
		D9720A37203E123C00F81CBB /* InterbankRatesManager.swift in Sources */ = {isa = PBXBuildFile; fileRef = D9720A36203E123C00F81CBB /* InterbankRatesManager.swift */; };
		D9720A39203E12C700F81CBB /* OpenRateInUaRate.swift in Sources */ = {isa = PBXBuildFile; fileRef = D9720A38203E12C700F81CBB /* OpenRateInUaRate.swift */; };
		D9720A3B203E14F000F81CBB /* OpenRateInUaRates.swift in Sources */ = {isa = PBXBuildFile; fileRef = D9720A3A203E14F000F81CBB /* OpenRateInUaRates.swift */; };
		D9720A3D203E163300F81CBB /* InterbankRatesService.swift in Sources */ = {isa = PBXBuildFile; fileRef = D9720A3C203E163300F81CBB /* InterbankRatesService.swift */; };
		D9720A40203E222D00F81CBB /* InterbankRatesTableViewCell.swift in Sources */ = {isa = PBXBuildFile; fileRef = D9720A3E203E222D00F81CBB /* InterbankRatesTableViewCell.swift */; };
		D9720A41203E222D00F81CBB /* InterbankRatesTableViewCell.xib in Resources */ = {isa = PBXBuildFile; fileRef = D9720A3F203E222D00F81CBB /* InterbankRatesTableViewCell.xib */; };
		D9720A452044B13200F81CBB /* DayDateDependedProtocol.swift in Sources */ = {isa = PBXBuildFile; fileRef = D9720A442044B13200F81CBB /* DayDateDependedProtocol.swift */; };
		D9720A472044BAEF00F81CBB /* GovermentBudgetModuleBuilder.swift in Sources */ = {isa = PBXBuildFile; fileRef = D9720A462044BAEF00F81CBB /* GovermentBudgetModuleBuilder.swift */; };
		D9720A492044BB7C00F81CBB /* GovermentBudgetPresenter.swift in Sources */ = {isa = PBXBuildFile; fileRef = D9720A482044BB7C00F81CBB /* GovermentBudgetPresenter.swift */; };
		D9720A4B2044BBC300F81CBB /* MonthDateDependedProtocol.swift in Sources */ = {isa = PBXBuildFile; fileRef = D9720A4A2044BBC300F81CBB /* MonthDateDependedProtocol.swift */; };
		D9720A4D2045219500F81CBB /* GovermentBudgetService.swift in Sources */ = {isa = PBXBuildFile; fileRef = D9720A4C2045219500F81CBB /* GovermentBudgetService.swift */; };
		D9720A4F2045231000F81CBB /* GovermentBudgetLine.swift in Sources */ = {isa = PBXBuildFile; fileRef = D9720A4E2045231000F81CBB /* GovermentBudgetLine.swift */; };
		D9720A522047D7C000F81CBB /* GovermentBudgetTableViewCell.swift in Sources */ = {isa = PBXBuildFile; fileRef = D9720A502047D7C000F81CBB /* GovermentBudgetTableViewCell.swift */; };
		D9720A532047D7C000F81CBB /* GovermentBudgetTableViewCell.xib in Resources */ = {isa = PBXBuildFile; fileRef = D9720A512047D7C000F81CBB /* GovermentBudgetTableViewCell.xib */; };
		D9720A572047E08F00F81CBB /* YearDependentProtocol.swift in Sources */ = {isa = PBXBuildFile; fileRef = D9720A562047E08F00F81CBB /* YearDependentProtocol.swift */; };
		D9720A5A2049289D00F81CBB /* HrTodayRate.swift in Sources */ = {isa = PBXBuildFile; fileRef = D9720A592049289D00F81CBB /* HrTodayRate.swift */; };
		D9720A5D20492C3000F81CBB /* HrTodayTableViewCell.swift in Sources */ = {isa = PBXBuildFile; fileRef = D9720A5B20492C3000F81CBB /* HrTodayTableViewCell.swift */; };
		D9720A5E20492C3000F81CBB /* HrTodayTableViewCell.xib in Resources */ = {isa = PBXBuildFile; fileRef = D9720A5C20492C3000F81CBB /* HrTodayTableViewCell.xib */; };
		D99948011F1D2D4B003AB9A2 /* CurrencyDetailContainerViewController.swift in Sources */ = {isa = PBXBuildFile; fileRef = D99948001F1D2D4B003AB9A2 /* CurrencyDetailContainerViewController.swift */; };
		D99C89C9203B850F002C55CB /* ModuleBuilderProtocol.swift in Sources */ = {isa = PBXBuildFile; fileRef = D99C89C7203B850F002C55CB /* ModuleBuilderProtocol.swift */; };
		D99C89CE203B85D4002C55CB /* NBURatesService.swift in Sources */ = {isa = PBXBuildFile; fileRef = D99C89CD203B85D4002C55CB /* NBURatesService.swift */; };
		D99C89D0203B8622002C55CB /* RatesServiceProtocol.swift in Sources */ = {isa = PBXBuildFile; fileRef = D99C89CF203B8622002C55CB /* RatesServiceProtocol.swift */; };
		D99C89D2203B8D59002C55CB /* NBUCurrencyModuleBuilder.swift in Sources */ = {isa = PBXBuildFile; fileRef = D99C89D1203B8D59002C55CB /* NBUCurrencyModuleBuilder.swift */; };
		D99C89D4203B8DBF002C55CB /* InterbankRatesModuleBuilder.swift in Sources */ = {isa = PBXBuildFile; fileRef = D99C89D3203B8DBF002C55CB /* InterbankRatesModuleBuilder.swift */; };
		D9EC9CA6203A2AE100BC8954 /* MainScreenCellProtocol.swift in Sources */ = {isa = PBXBuildFile; fileRef = D9EC9CA5203A2AE100BC8954 /* MainScreenCellProtocol.swift */; };
		D9EC9CA8203A2B7100BC8954 /* ProviderTableViewCell+MainScreenCellProtocol.swift in Sources */ = {isa = PBXBuildFile; fileRef = D9EC9CA7203A2B7100BC8954 /* ProviderTableViewCell+MainScreenCellProtocol.swift */; };
		D9EC9CAA203A2F1B00BC8954 /* DefaultConfiguration.swift in Sources */ = {isa = PBXBuildFile; fileRef = D9EC9CA9203A2F1A00BC8954 /* DefaultConfiguration.swift */; };
		D9EC9CB1203AB05600BC8954 /* Localizable.strings in Resources */ = {isa = PBXBuildFile; fileRef = D9EC9CB3203AB05600BC8954 /* Localizable.strings */; };
/* End PBXBuildFile section */

/* Begin PBXContainerItemProxy section */
		C61F1F1B1F18B06700F0AF87 /* PBXContainerItemProxy */ = {
			isa = PBXContainerItemProxy;
			containerPortal = C61F1EFB1F18B06600F0AF87 /* Project object */;
			proxyType = 1;
			remoteGlobalIDString = C61F1F021F18B06700F0AF87;
			remoteInfo = NBUStat;
		};
		C61F1F261F18B06700F0AF87 /* PBXContainerItemProxy */ = {
			isa = PBXContainerItemProxy;
			containerPortal = C61F1EFB1F18B06600F0AF87 /* Project object */;
			proxyType = 1;
			remoteGlobalIDString = C61F1F021F18B06700F0AF87;
			remoteInfo = NBUStat;
		};
/* End PBXContainerItemProxy section */

/* Begin PBXFileReference section */
		0C52D5A5C0AE05480F805285 /* Pods-FinStat Ukraine.qa.xcconfig */ = {isa = PBXFileReference; includeInIndex = 1; lastKnownFileType = text.xcconfig; name = "Pods-FinStat Ukraine.qa.xcconfig"; path = "Pods/Target Support Files/Pods-FinStat Ukraine/Pods-FinStat Ukraine.qa.xcconfig"; sourceTree = "<group>"; };
		36C7338217F534486D332FF6 /* Pods-FinStat Ukraine.release.xcconfig */ = {isa = PBXFileReference; includeInIndex = 1; lastKnownFileType = text.xcconfig; name = "Pods-FinStat Ukraine.release.xcconfig"; path = "Pods/Target Support Files/Pods-FinStat Ukraine/Pods-FinStat Ukraine.release.xcconfig"; sourceTree = "<group>"; };
		562E03CF43D0C2182F1EE3FD /* Pods-FinStat Ukraine.debug.xcconfig */ = {isa = PBXFileReference; includeInIndex = 1; lastKnownFileType = text.xcconfig; name = "Pods-FinStat Ukraine.debug.xcconfig"; path = "Pods/Target Support Files/Pods-FinStat Ukraine/Pods-FinStat Ukraine.debug.xcconfig"; sourceTree = "<group>"; };
		7D8D0F0F1103B7DDB23BC7BB /* Pods_FinStat_Ukraine.framework */ = {isa = PBXFileReference; explicitFileType = wrapper.framework; includeInIndex = 0; path = Pods_FinStat_Ukraine.framework; sourceTree = BUILT_PRODUCTS_DIR; };
		C60A0FC2204D68110010FDB3 /* RefreshController.xib */ = {isa = PBXFileReference; fileEncoding = 4; lastKnownFileType = file.xib; path = RefreshController.xib; sourceTree = "<group>"; };
		C60A0FC3204D68120010FDB3 /* RefreshController.swift */ = {isa = PBXFileReference; fileEncoding = 4; lastKnownFileType = sourcecode.swift; path = RefreshController.swift; sourceTree = "<group>"; };
		C61F1F031F18B06700F0AF87 /* FinStat Ukraine.app */ = {isa = PBXFileReference; explicitFileType = wrapper.application; includeInIndex = 0; path = "FinStat Ukraine.app"; sourceTree = BUILT_PRODUCTS_DIR; };
		C61F1F061F18B06700F0AF87 /* AppDelegate.swift */ = {isa = PBXFileReference; lastKnownFileType = sourcecode.swift; path = AppDelegate.swift; sourceTree = "<group>"; };
		C61F1F0E1F18B06700F0AF87 /* NBUStat.xcdatamodel */ = {isa = PBXFileReference; lastKnownFileType = wrapper.xcdatamodel; path = NBUStat.xcdatamodel; sourceTree = "<group>"; };
		C61F1F101F18B06700F0AF87 /* Assets.xcassets */ = {isa = PBXFileReference; lastKnownFileType = folder.assetcatalog; path = Assets.xcassets; sourceTree = "<group>"; };
		C61F1F131F18B06700F0AF87 /* Base */ = {isa = PBXFileReference; lastKnownFileType = file.storyboard; name = Base; path = Base.lproj/LaunchScreen.storyboard; sourceTree = "<group>"; };
		C61F1F151F18B06700F0AF87 /* Info.plist */ = {isa = PBXFileReference; lastKnownFileType = text.plist.xml; path = Info.plist; sourceTree = "<group>"; };
		C61F1F1A1F18B06700F0AF87 /* FinStat UkraineTests.xctest */ = {isa = PBXFileReference; explicitFileType = wrapper.cfbundle; includeInIndex = 0; path = "FinStat UkraineTests.xctest"; sourceTree = BUILT_PRODUCTS_DIR; };
		C61F1F1E1F18B06700F0AF87 /* NBUStatTests.swift */ = {isa = PBXFileReference; lastKnownFileType = sourcecode.swift; path = NBUStatTests.swift; sourceTree = "<group>"; };
		C61F1F201F18B06700F0AF87 /* Info.plist */ = {isa = PBXFileReference; lastKnownFileType = text.plist.xml; path = Info.plist; sourceTree = "<group>"; };
		C61F1F251F18B06700F0AF87 /* FinStat UkraineUITests.xctest */ = {isa = PBXFileReference; explicitFileType = wrapper.cfbundle; includeInIndex = 0; path = "FinStat UkraineUITests.xctest"; sourceTree = BUILT_PRODUCTS_DIR; };
		C61F1F291F18B06700F0AF87 /* NBUStatUITests.swift */ = {isa = PBXFileReference; lastKnownFileType = sourcecode.swift; path = NBUStatUITests.swift; sourceTree = "<group>"; };
		C61F1F2B1F18B06700F0AF87 /* Info.plist */ = {isa = PBXFileReference; lastKnownFileType = text.plist.xml; path = Info.plist; sourceTree = "<group>"; };
		C61F1F381F18B1EF00F0AF87 /* CurrencyRate.swift */ = {isa = PBXFileReference; fileEncoding = 4; lastKnownFileType = sourcecode.swift; path = CurrencyRate.swift; sourceTree = "<group>"; };
		C61F1F3A1F18B20100F0AF87 /* CurrencyRates.swift */ = {isa = PBXFileReference; fileEncoding = 4; lastKnownFileType = sourcecode.swift; path = CurrencyRates.swift; sourceTree = "<group>"; };
		C61F1F3D1F18C14E00F0AF87 /* NBURatesTableViewController.swift */ = {isa = PBXFileReference; fileEncoding = 4; lastKnownFileType = sourcecode.swift; path = NBURatesTableViewController.swift; sourceTree = "<group>"; };
		C61F1F451F18C29500F0AF87 /* NBUCurrencyRatesManager.swift */ = {isa = PBXFileReference; fileEncoding = 4; lastKnownFileType = sourcecode.swift; path = NBUCurrencyRatesManager.swift; sourceTree = "<group>"; };
		C61F1F471F18DE9A00F0AF87 /* CurrencyViewController.swift */ = {isa = PBXFileReference; fileEncoding = 4; lastKnownFileType = sourcecode.swift; path = CurrencyViewController.swift; sourceTree = "<group>"; };
		C66903821F1CED620063BA91 /* NBURateTableViewController.swift */ = {isa = PBXFileReference; fileEncoding = 4; lastKnownFileType = sourcecode.swift; path = NBURateTableViewController.swift; sourceTree = "<group>"; };
		C66903841F1CF3070063BA91 /* CurrencyNavigatoinController.swift */ = {isa = PBXFileReference; fileEncoding = 4; lastKnownFileType = sourcecode.swift; path = CurrencyNavigatoinController.swift; sourceTree = "<group>"; };
		C66903861F1D05590063BA91 /* HistoricalCurrencyRateTableViewCell.swift */ = {isa = PBXFileReference; fileEncoding = 4; lastKnownFileType = sourcecode.swift; path = HistoricalCurrencyRateTableViewCell.swift; sourceTree = "<group>"; };
		C6F323CA1F2F7C3100363DC1 /* Settings.bundle */ = {isa = PBXFileReference; lastKnownFileType = "wrapper.plug-in"; path = Settings.bundle; sourceTree = "<group>"; };
		C6F323CE1F2F900400363DC1 /* .travis.yml */ = {isa = PBXFileReference; fileEncoding = 4; lastKnownFileType = text; name = .travis.yml; path = ../.travis.yml; sourceTree = "<group>"; };
		D906290A2049E64B00118375 /* HryvniaTodayModuleBuilder.swift */ = {isa = PBXFileReference; lastKnownFileType = sourcecode.swift; path = HryvniaTodayModuleBuilder.swift; sourceTree = "<group>"; };
		D906290C2049E6E200118375 /* HryvniaTodayService.swift */ = {isa = PBXFileReference; lastKnownFileType = sourcecode.swift; path = HryvniaTodayService.swift; sourceTree = "<group>"; };
		D906290E2049E91F00118375 /* HryvniaTodayPresenter.swift */ = {isa = PBXFileReference; lastKnownFileType = sourcecode.swift; path = HryvniaTodayPresenter.swift; sourceTree = "<group>"; };
		D90629102049EBEB00118375 /* Currencies.storyboard */ = {isa = PBXFileReference; lastKnownFileType = file.storyboard; path = Currencies.storyboard; sourceTree = "<group>"; };
		D90629122049ED0E00118375 /* ContainerViewController.swift */ = {isa = PBXFileReference; lastKnownFileType = sourcecode.swift; path = ContainerViewController.swift; sourceTree = "<group>"; };
		D90629142049EE2200118375 /* HryvniaTodayTableViewController.swift */ = {isa = PBXFileReference; lastKnownFileType = sourcecode.swift; path = HryvniaTodayTableViewController.swift; sourceTree = "<group>"; };
		D90629162049F61500118375 /* String+Number.swift */ = {isa = PBXFileReference; lastKnownFileType = sourcecode.swift; path = "String+Number.swift"; sourceTree = "<group>"; };
		D90629182049FADE00118375 /* Sttring+Time.swift */ = {isa = PBXFileReference; lastKnownFileType = sourcecode.swift; path = "Sttring+Time.swift"; sourceTree = "<group>"; };
		D906291A2049FDA400118375 /* CurrencyName.swift */ = {isa = PBXFileReference; lastKnownFileType = sourcecode.swift; path = CurrencyName.swift; sourceTree = "<group>"; };
		D906291C204A050700118375 /* String+DifferenceComparationResult.swift */ = {isa = PBXFileReference; lastKnownFileType = sourcecode.swift; path = "String+DifferenceComparationResult.swift"; sourceTree = "<group>"; };
		D906291E204A052100118375 /* DifferenceComparationResult.swift */ = {isa = PBXFileReference; lastKnownFileType = sourcecode.swift; path = DifferenceComparationResult.swift; sourceTree = "<group>"; };
		D9062920204A06AA00118375 /* UILabel+Colorification.swift */ = {isa = PBXFileReference; lastKnownFileType = sourcecode.swift; path = "UILabel+Colorification.swift"; sourceTree = "<group>"; };
		D9062922204B425500118375 /* DataProviderCredits.storyboard */ = {isa = PBXFileReference; lastKnownFileType = file.storyboard; path = DataProviderCredits.storyboard; sourceTree = "<group>"; };
		D9062924204B45FC00118375 /* DataProviderInfoViewController.swift */ = {isa = PBXFileReference; lastKnownFileType = sourcecode.swift; path = DataProviderInfoViewController.swift; sourceTree = "<group>"; };
		D9062926204B4A1200118375 /* DataProviderInfoProtocol.swift */ = {isa = PBXFileReference; lastKnownFileType = sourcecode.swift; path = DataProviderInfoProtocol.swift; sourceTree = "<group>"; };
		D9062928204B4ED800118375 /* NBUCurrencyRatesManager+DataProviderInfo.swift */ = {isa = PBXFileReference; lastKnownFileType = sourcecode.swift; path = "NBUCurrencyRatesManager+DataProviderInfo.swift"; sourceTree = "<group>"; };
		D906292A204B524D00118375 /* HryvniaTodayPresenter+DataProviderInfo.swift */ = {isa = PBXFileReference; lastKnownFileType = sourcecode.swift; path = "HryvniaTodayPresenter+DataProviderInfo.swift"; sourceTree = "<group>"; };
		D961F926204DEEE200F46F8A /* UXCurrentIndexModuleBuilder.swift */ = {isa = PBXFileReference; lastKnownFileType = sourcecode.swift; path = UXCurrentIndexModuleBuilder.swift; sourceTree = "<group>"; };
		D961F928204DEF8800F46F8A /* UXCurrentIndex.storyboard */ = {isa = PBXFileReference; lastKnownFileType = file.storyboard; path = UXCurrentIndex.storyboard; sourceTree = "<group>"; };
		D961F92A204DF04900F46F8A /* UXCurrentIndexViewController.swift */ = {isa = PBXFileReference; lastKnownFileType = sourcecode.swift; path = UXCurrentIndexViewController.swift; sourceTree = "<group>"; };
		D961F92C204E5FF000F46F8A /* UXCurrentIndexPresenter.swift */ = {isa = PBXFileReference; lastKnownFileType = sourcecode.swift; path = UXCurrentIndexPresenter.swift; sourceTree = "<group>"; };
		D961F92E204E605B00F46F8A /* UXCurrentIndexPresenter+DataProviderInfo.swift */ = {isa = PBXFileReference; lastKnownFileType = sourcecode.swift; path = "UXCurrentIndexPresenter+DataProviderInfo.swift"; sourceTree = "<group>"; };
		D961F930204E73CA00F46F8A /* UXCurrentIndexInteractor.swift */ = {isa = PBXFileReference; lastKnownFileType = sourcecode.swift; path = UXCurrentIndexInteractor.swift; sourceTree = "<group>"; };
		D961F932204E7A0B00F46F8A /* UXCurrencyIndexModel.swift */ = {isa = PBXFileReference; lastKnownFileType = sourcecode.swift; path = UXCurrencyIndexModel.swift; sourceTree = "<group>"; };
		D961F934204F493400F46F8A /* UXCurrentIndexRouter.swift */ = {isa = PBXFileReference; lastKnownFileType = sourcecode.swift; path = UXCurrentIndexRouter.swift; sourceTree = "<group>"; };
		D961F93A204F4C2200F46F8A /* DataProviderPresentingProtocol.swift */ = {isa = PBXFileReference; lastKnownFileType = sourcecode.swift; path = DataProviderPresentingProtocol.swift; sourceTree = "<group>"; };
		D961F93C204F4F3000F46F8A /* ThemeManager.swift */ = {isa = PBXFileReference; lastKnownFileType = sourcecode.swift; path = ThemeManager.swift; sourceTree = "<group>"; };
		D96B2A04203B971C00027099 /* BaseTableViewController.swift */ = {isa = PBXFileReference; lastKnownFileType = sourcecode.swift; path = BaseTableViewController.swift; sourceTree = "<group>"; };
		D96B2A06203CA41800027099 /* PresenterViewDelegate.swift */ = {isa = PBXFileReference; lastKnownFileType = sourcecode.swift; path = PresenterViewDelegate.swift; sourceTree = "<group>"; };
		D96B2A08203CA55A00027099 /* PresenterProtocol.swift */ = {isa = PBXFileReference; lastKnownFileType = sourcecode.swift; path = PresenterProtocol.swift; sourceTree = "<group>"; };
		D96B2A0A203CB36500027099 /* NBURatesTableViewCell.swift */ = {isa = PBXFileReference; lastKnownFileType = sourcecode.swift; path = NBURatesTableViewCell.swift; sourceTree = "<group>"; };
		D96B2A0B203CB36500027099 /* NBURatesTableViewCell.xib */ = {isa = PBXFileReference; lastKnownFileType = file.xib; path = NBURatesTableViewCell.xib; sourceTree = "<group>"; };
		D96B2A0E203CB39500027099 /* BaseTableCellProtocol.swift */ = {isa = PBXFileReference; lastKnownFileType = sourcecode.swift; path = BaseTableCellProtocol.swift; sourceTree = "<group>"; };
		D96B2A10203CBF7D00027099 /* MainViewController.swift */ = {isa = PBXFileReference; lastKnownFileType = sourcecode.swift; path = MainViewController.swift; sourceTree = "<group>"; };
		D96B2A12203CC55900027099 /* DetailControllerPresenterProtocol.swift */ = {isa = PBXFileReference; lastKnownFileType = sourcecode.swift; path = DetailControllerPresenterProtocol.swift; sourceTree = "<group>"; };
		D96F1759203A171A00869372 /* Info-QA.plist */ = {isa = PBXFileReference; fileEncoding = 4; lastKnownFileType = text.plist.xml; path = "Info-QA.plist"; sourceTree = "<group>"; };
		D96F175C203A183F00869372 /* Base */ = {isa = PBXFileReference; lastKnownFileType = file.storyboard; name = Base; path = Base.lproj/MainMasterDetail.storyboard; sourceTree = "<group>"; };
		D96F175E203A23E200869372 /* ModuleProvider.swift */ = {isa = PBXFileReference; lastKnownFileType = sourcecode.swift; path = ModuleProvider.swift; sourceTree = "<group>"; };
		D96F1760203A248900869372 /* DataProvidersTests.swift */ = {isa = PBXFileReference; lastKnownFileType = sourcecode.swift; path = DataProvidersTests.swift; sourceTree = "<group>"; };
		D96F1762203A25AB00869372 /* ProvidersListTableViewController.swift */ = {isa = PBXFileReference; lastKnownFileType = sourcecode.swift; path = ProvidersListTableViewController.swift; sourceTree = "<group>"; };
		D96F1764203A261900869372 /* ProviderTableViewCell.swift */ = {isa = PBXFileReference; lastKnownFileType = sourcecode.swift; path = ProviderTableViewCell.swift; sourceTree = "<group>"; };
		D96F1765203A261900869372 /* ProviderTableViewCell.xib */ = {isa = PBXFileReference; lastKnownFileType = file.xib; path = ProviderTableViewCell.xib; sourceTree = "<group>"; };
		D9720A34203E0CA000F81CBB /* CurrencyRates.storyboard */ = {isa = PBXFileReference; lastKnownFileType = file.storyboard; path = CurrencyRates.storyboard; sourceTree = "<group>"; };
		D9720A36203E123C00F81CBB /* InterbankRatesManager.swift */ = {isa = PBXFileReference; lastKnownFileType = sourcecode.swift; path = InterbankRatesManager.swift; sourceTree = "<group>"; };
		D9720A38203E12C700F81CBB /* OpenRateInUaRate.swift */ = {isa = PBXFileReference; lastKnownFileType = sourcecode.swift; path = OpenRateInUaRate.swift; sourceTree = "<group>"; };
		D9720A3A203E14F000F81CBB /* OpenRateInUaRates.swift */ = {isa = PBXFileReference; lastKnownFileType = sourcecode.swift; path = OpenRateInUaRates.swift; sourceTree = "<group>"; };
		D9720A3C203E163300F81CBB /* InterbankRatesService.swift */ = {isa = PBXFileReference; lastKnownFileType = sourcecode.swift; path = InterbankRatesService.swift; sourceTree = "<group>"; };
		D9720A3E203E222D00F81CBB /* InterbankRatesTableViewCell.swift */ = {isa = PBXFileReference; lastKnownFileType = sourcecode.swift; path = InterbankRatesTableViewCell.swift; sourceTree = "<group>"; };
		D9720A3F203E222D00F81CBB /* InterbankRatesTableViewCell.xib */ = {isa = PBXFileReference; lastKnownFileType = file.xib; path = InterbankRatesTableViewCell.xib; sourceTree = "<group>"; };
		D9720A442044B13200F81CBB /* DayDateDependedProtocol.swift */ = {isa = PBXFileReference; lastKnownFileType = sourcecode.swift; path = DayDateDependedProtocol.swift; sourceTree = "<group>"; };
		D9720A462044BAEF00F81CBB /* GovermentBudgetModuleBuilder.swift */ = {isa = PBXFileReference; lastKnownFileType = sourcecode.swift; path = GovermentBudgetModuleBuilder.swift; sourceTree = "<group>"; };
		D9720A482044BB7C00F81CBB /* GovermentBudgetPresenter.swift */ = {isa = PBXFileReference; lastKnownFileType = sourcecode.swift; path = GovermentBudgetPresenter.swift; sourceTree = "<group>"; };
		D9720A4A2044BBC300F81CBB /* MonthDateDependedProtocol.swift */ = {isa = PBXFileReference; lastKnownFileType = sourcecode.swift; path = MonthDateDependedProtocol.swift; sourceTree = "<group>"; };
		D9720A4C2045219500F81CBB /* GovermentBudgetService.swift */ = {isa = PBXFileReference; lastKnownFileType = sourcecode.swift; path = GovermentBudgetService.swift; sourceTree = "<group>"; };
		D9720A4E2045231000F81CBB /* GovermentBudgetLine.swift */ = {isa = PBXFileReference; lastKnownFileType = sourcecode.swift; path = GovermentBudgetLine.swift; sourceTree = "<group>"; };
		D9720A502047D7C000F81CBB /* GovermentBudgetTableViewCell.swift */ = {isa = PBXFileReference; lastKnownFileType = sourcecode.swift; path = GovermentBudgetTableViewCell.swift; sourceTree = "<group>"; };
		D9720A512047D7C000F81CBB /* GovermentBudgetTableViewCell.xib */ = {isa = PBXFileReference; lastKnownFileType = file.xib; path = GovermentBudgetTableViewCell.xib; sourceTree = "<group>"; };
		D9720A562047E08F00F81CBB /* YearDependentProtocol.swift */ = {isa = PBXFileReference; lastKnownFileType = sourcecode.swift; path = YearDependentProtocol.swift; sourceTree = "<group>"; };
		D9720A592049289D00F81CBB /* HrTodayRate.swift */ = {isa = PBXFileReference; lastKnownFileType = sourcecode.swift; path = HrTodayRate.swift; sourceTree = "<group>"; };
		D9720A5B20492C3000F81CBB /* HrTodayTableViewCell.swift */ = {isa = PBXFileReference; lastKnownFileType = sourcecode.swift; path = HrTodayTableViewCell.swift; sourceTree = "<group>"; };
		D9720A5C20492C3000F81CBB /* HrTodayTableViewCell.xib */ = {isa = PBXFileReference; lastKnownFileType = file.xib; path = HrTodayTableViewCell.xib; sourceTree = "<group>"; };
		D99948001F1D2D4B003AB9A2 /* CurrencyDetailContainerViewController.swift */ = {isa = PBXFileReference; fileEncoding = 4; lastKnownFileType = sourcecode.swift; path = CurrencyDetailContainerViewController.swift; sourceTree = "<group>"; };
		D99C89C7203B850F002C55CB /* ModuleBuilderProtocol.swift */ = {isa = PBXFileReference; fileEncoding = 4; lastKnownFileType = sourcecode.swift; path = ModuleBuilderProtocol.swift; sourceTree = "<group>"; };
		D99C89CD203B85D4002C55CB /* NBURatesService.swift */ = {isa = PBXFileReference; lastKnownFileType = sourcecode.swift; path = NBURatesService.swift; sourceTree = "<group>"; };
		D99C89CF203B8622002C55CB /* RatesServiceProtocol.swift */ = {isa = PBXFileReference; lastKnownFileType = sourcecode.swift; path = RatesServiceProtocol.swift; sourceTree = "<group>"; };
		D99C89D1203B8D59002C55CB /* NBUCurrencyModuleBuilder.swift */ = {isa = PBXFileReference; lastKnownFileType = sourcecode.swift; path = NBUCurrencyModuleBuilder.swift; sourceTree = "<group>"; };
		D99C89D3203B8DBF002C55CB /* InterbankRatesModuleBuilder.swift */ = {isa = PBXFileReference; lastKnownFileType = sourcecode.swift; path = InterbankRatesModuleBuilder.swift; sourceTree = "<group>"; };
		D9EC9CA5203A2AE100BC8954 /* MainScreenCellProtocol.swift */ = {isa = PBXFileReference; lastKnownFileType = sourcecode.swift; path = MainScreenCellProtocol.swift; sourceTree = "<group>"; };
		D9EC9CA7203A2B7100BC8954 /* ProviderTableViewCell+MainScreenCellProtocol.swift */ = {isa = PBXFileReference; lastKnownFileType = sourcecode.swift; path = "ProviderTableViewCell+MainScreenCellProtocol.swift"; sourceTree = "<group>"; };
		D9EC9CA9203A2F1A00BC8954 /* DefaultConfiguration.swift */ = {isa = PBXFileReference; lastKnownFileType = sourcecode.swift; path = DefaultConfiguration.swift; sourceTree = "<group>"; };
		D9EC9CAD203AB02A00BC8954 /* uk */ = {isa = PBXFileReference; lastKnownFileType = text.plist.strings; name = uk; path = uk.lproj/MainMasterDetail.strings; sourceTree = "<group>"; };
		D9EC9CAE203AB02A00BC8954 /* uk */ = {isa = PBXFileReference; lastKnownFileType = text.plist.strings; name = uk; path = uk.lproj/LaunchScreen.strings; sourceTree = "<group>"; };
		D9EC9CAF203AB04400BC8954 /* ru */ = {isa = PBXFileReference; lastKnownFileType = text.plist.strings; name = ru; path = ru.lproj/MainMasterDetail.strings; sourceTree = "<group>"; };
		D9EC9CB0203AB04400BC8954 /* ru */ = {isa = PBXFileReference; lastKnownFileType = text.plist.strings; name = ru; path = ru.lproj/LaunchScreen.strings; sourceTree = "<group>"; };
		D9EC9CB2203AB05600BC8954 /* en */ = {isa = PBXFileReference; lastKnownFileType = text.plist.strings; name = en; path = en.lproj/Localizable.strings; sourceTree = "<group>"; };
		D9EC9CB4203AB06200BC8954 /* uk */ = {isa = PBXFileReference; lastKnownFileType = text.plist.strings; name = uk; path = uk.lproj/Localizable.strings; sourceTree = "<group>"; };
		D9EC9CB5203AB06300BC8954 /* ru */ = {isa = PBXFileReference; lastKnownFileType = text.plist.strings; name = ru; path = ru.lproj/Localizable.strings; sourceTree = "<group>"; };
/* End PBXFileReference section */

/* Begin PBXFrameworksBuildPhase section */
		C61F1F001F18B06700F0AF87 /* Frameworks */ = {
			isa = PBXFrameworksBuildPhase;
			buildActionMask = 2147483647;
			files = (
				016DC792CE74AD25F8CCFB5E /* Pods_FinStat_Ukraine.framework in Frameworks */,
			);
			runOnlyForDeploymentPostprocessing = 0;
		};
		C61F1F171F18B06700F0AF87 /* Frameworks */ = {
			isa = PBXFrameworksBuildPhase;
			buildActionMask = 2147483647;
			files = (
			);
			runOnlyForDeploymentPostprocessing = 0;
		};
		C61F1F221F18B06700F0AF87 /* Frameworks */ = {
			isa = PBXFrameworksBuildPhase;
			buildActionMask = 2147483647;
			files = (
			);
			runOnlyForDeploymentPostprocessing = 0;
		};
/* End PBXFrameworksBuildPhase section */

/* Begin PBXGroup section */
		0335893071F5DF28278F31E4 /* Pods */ = {
			isa = PBXGroup;
			children = (
				562E03CF43D0C2182F1EE3FD /* Pods-FinStat Ukraine.debug.xcconfig */,
				0C52D5A5C0AE05480F805285 /* Pods-FinStat Ukraine.qa.xcconfig */,
				36C7338217F534486D332FF6 /* Pods-FinStat Ukraine.release.xcconfig */,
			);
			name = Pods;
			sourceTree = "<group>";
		};
		152541B1A000A878C70BEEAD /* Frameworks */ = {
			isa = PBXGroup;
			children = (
				7D8D0F0F1103B7DDB23BC7BB /* Pods_FinStat_Ukraine.framework */,
			);
			name = Frameworks;
			sourceTree = "<group>";
		};
		C61F1EFA1F18B06600F0AF87 = {
			isa = PBXGroup;
			children = (
				C6F323CE1F2F900400363DC1 /* .travis.yml */,
				C61F1F051F18B06700F0AF87 /* NBUStat */,
				C61F1F1D1F18B06700F0AF87 /* NBUStatTests */,
				C61F1F281F18B06700F0AF87 /* NBUStatUITests */,
				C61F1F041F18B06700F0AF87 /* Products */,
				0335893071F5DF28278F31E4 /* Pods */,
				152541B1A000A878C70BEEAD /* Frameworks */,
			);
			sourceTree = "<group>";
		};
		C61F1F041F18B06700F0AF87 /* Products */ = {
			isa = PBXGroup;
			children = (
				C61F1F031F18B06700F0AF87 /* FinStat Ukraine.app */,
				C61F1F1A1F18B06700F0AF87 /* FinStat UkraineTests.xctest */,
				C61F1F251F18B06700F0AF87 /* FinStat UkraineUITests.xctest */,
			);
			name = Products;
			sourceTree = "<group>";
		};
		C61F1F051F18B06700F0AF87 /* NBUStat */ = {
			isa = PBXGroup;
			children = (
				D961F939204F4C0600F46F8A /* Common */,
				D99C89C5203B850F002C55CB /* Modules */,
				C61F1F441F18C27600F0AF87 /* Managers */,
				C61F1F3C1F18B58E00F0AF87 /* ViewControllers */,
				C61F1F371F18B1D100F0AF87 /* Models */,
				D9720A42203E246600F81CBB /* UI */,
				C61F1F061F18B06700F0AF87 /* AppDelegate.swift */,
				C61F1F101F18B06700F0AF87 /* Assets.xcassets */,
				C61F1F121F18B06700F0AF87 /* LaunchScreen.storyboard */,
				C61F1F151F18B06700F0AF87 /* Info.plist */,
				D96F1759203A171A00869372 /* Info-QA.plist */,
				C61F1F0D1F18B06700F0AF87 /* NBUStat.xcdatamodeld */,
				C6F323CA1F2F7C3100363DC1 /* Settings.bundle */,
				D9EC9CB3203AB05600BC8954 /* Localizable.strings */,
			);
			path = NBUStat;
			sourceTree = "<group>";
		};
		C61F1F1D1F18B06700F0AF87 /* NBUStatTests */ = {
			isa = PBXGroup;
			children = (
				D96F1760203A248900869372 /* DataProvidersTests.swift */,
				C61F1F1E1F18B06700F0AF87 /* NBUStatTests.swift */,
				C61F1F201F18B06700F0AF87 /* Info.plist */,
			);
			path = NBUStatTests;
			sourceTree = "<group>";
		};
		C61F1F281F18B06700F0AF87 /* NBUStatUITests */ = {
			isa = PBXGroup;
			children = (
				C61F1F291F18B06700F0AF87 /* NBUStatUITests.swift */,
				C61F1F2B1F18B06700F0AF87 /* Info.plist */,
			);
			path = NBUStatUITests;
			sourceTree = "<group>";
		};
		C61F1F371F18B1D100F0AF87 /* Models */ = {
			isa = PBXGroup;
			children = (
				C61F1F381F18B1EF00F0AF87 /* CurrencyRate.swift */,
				C61F1F3A1F18B20100F0AF87 /* CurrencyRates.swift */,
				D9720A38203E12C700F81CBB /* OpenRateInUaRate.swift */,
				D9720A3A203E14F000F81CBB /* OpenRateInUaRates.swift */,
				D9720A4E2045231000F81CBB /* GovermentBudgetLine.swift */,
				D9720A592049289D00F81CBB /* HrTodayRate.swift */,
				D90629162049F61500118375 /* String+Number.swift */,
				D90629182049FADE00118375 /* Sttring+Time.swift */,
				D906291A2049FDA400118375 /* CurrencyName.swift */,
				D906291C204A050700118375 /* String+DifferenceComparationResult.swift */,
				D906291E204A052100118375 /* DifferenceComparationResult.swift */,
				D9062920204A06AA00118375 /* UILabel+Colorification.swift */,
				D961F932204E7A0B00F46F8A /* UXCurrencyIndexModel.swift */,
			);
			path = Models;
			sourceTree = "<group>";
		};
		C61F1F3C1F18B58E00F0AF87 /* ViewControllers */ = {
			isa = PBXGroup;
			children = (
				C66903841F1CF3070063BA91 /* CurrencyNavigatoinController.swift */,
				C61F1F3F1F18C16300F0AF87 /* Cells */,
				C61F1F471F18DE9A00F0AF87 /* CurrencyViewController.swift */,
				D99948001F1D2D4B003AB9A2 /* CurrencyDetailContainerViewController.swift */,
				D96F1762203A25AB00869372 /* ProvidersListTableViewController.swift */,
				D96B2A10203CBF7D00027099 /* MainViewController.swift */,
				D90629122049ED0E00118375 /* ContainerViewController.swift */,
				D9062924204B45FC00118375 /* DataProviderInfoViewController.swift */,
			);
			path = ViewControllers;
			sourceTree = "<group>";
		};
		C61F1F3F1F18C16300F0AF87 /* Cells */ = {
			isa = PBXGroup;
			children = (
				C66903861F1D05590063BA91 /* HistoricalCurrencyRateTableViewCell.swift */,
				D96F1764203A261900869372 /* ProviderTableViewCell.swift */,
				D96F1765203A261900869372 /* ProviderTableViewCell.xib */,
				D9EC9CA7203A2B7100BC8954 /* ProviderTableViewCell+MainScreenCellProtocol.swift */,
				D96B2A0A203CB36500027099 /* NBURatesTableViewCell.swift */,
				D96B2A0B203CB36500027099 /* NBURatesTableViewCell.xib */,
				D9720A3E203E222D00F81CBB /* InterbankRatesTableViewCell.swift */,
				D9720A3F203E222D00F81CBB /* InterbankRatesTableViewCell.xib */,
				D9720A5B20492C3000F81CBB /* HrTodayTableViewCell.swift */,
				D9720A5C20492C3000F81CBB /* HrTodayTableViewCell.xib */,
			);
			path = Cells;
			sourceTree = "<group>";
		};
		C61F1F441F18C27600F0AF87 /* Managers */ = {
			isa = PBXGroup;
			children = (
				D96F175E203A23E200869372 /* ModuleProvider.swift */,
				D9EC9CA5203A2AE100BC8954 /* MainScreenCellProtocol.swift */,
				D9EC9CA9203A2F1A00BC8954 /* DefaultConfiguration.swift */,
			);
			path = Managers;
			sourceTree = "<group>";
		};
		D961F925204DEE9200F46F8A /* UXCurrentIndex */ = {
			isa = PBXGroup;
			children = (
				D961F926204DEEE200F46F8A /* UXCurrentIndexModuleBuilder.swift */,
				D961F92A204DF04900F46F8A /* UXCurrentIndexViewController.swift */,
				D961F92C204E5FF000F46F8A /* UXCurrentIndexPresenter.swift */,
				D961F92E204E605B00F46F8A /* UXCurrentIndexPresenter+DataProviderInfo.swift */,
				D961F930204E73CA00F46F8A /* UXCurrentIndexInteractor.swift */,
				D961F934204F493400F46F8A /* UXCurrentIndexRouter.swift */,
			);
			path = UXCurrentIndex;
			sourceTree = "<group>";
		};
		D961F939204F4C0600F46F8A /* Common */ = {
			isa = PBXGroup;
			children = (
				D961F93C204F4F3000F46F8A /* ThemeManager.swift */,
			);
			path = Common;
			sourceTree = "<group>";
		};
		D9720A42203E246600F81CBB /* UI */ = {
			isa = PBXGroup;
			children = (
				C60A0FC3204D68120010FDB3 /* RefreshController.swift */,
				C60A0FC2204D68110010FDB3 /* RefreshController.xib */,
				D96F175B203A183F00869372 /* MainMasterDetail.storyboard */,
				D9720A34203E0CA000F81CBB /* CurrencyRates.storyboard */,
				D90629102049EBEB00118375 /* Currencies.storyboard */,
				D9062922204B425500118375 /* DataProviderCredits.storyboard */,
				D961F928204DEF8800F46F8A /* UXCurrentIndex.storyboard */,
			);
			path = UI;
			sourceTree = "<group>";
		};
		D9720A432044AED100F81CBB /* Government budget Module  */ = {
			isa = PBXGroup;
			children = (
				D9720A462044BAEF00F81CBB /* GovermentBudgetModuleBuilder.swift */,
				D9720A482044BB7C00F81CBB /* GovermentBudgetPresenter.swift */,
				D9720A4C2045219500F81CBB /* GovermentBudgetService.swift */,
				D9720A502047D7C000F81CBB /* GovermentBudgetTableViewCell.swift */,
				D9720A512047D7C000F81CBB /* GovermentBudgetTableViewCell.xib */,
			);
			path = "Government budget Module ";
			sourceTree = "<group>";
		};
		D9720A582048B02100F81CBB /* Hryvnia Today Interbank */ = {
			isa = PBXGroup;
			children = (
				D906290A2049E64B00118375 /* HryvniaTodayModuleBuilder.swift */,
				D906290C2049E6E200118375 /* HryvniaTodayService.swift */,
				D906290E2049E91F00118375 /* HryvniaTodayPresenter.swift */,
				D90629142049EE2200118375 /* HryvniaTodayTableViewController.swift */,
				D906292A204B524D00118375 /* HryvniaTodayPresenter+DataProviderInfo.swift */,
			);
			path = "Hryvnia Today Interbank";
			sourceTree = "<group>";
		};
		D99C89C5203B850F002C55CB /* Modules */ = {
			isa = PBXGroup;
			children = (
				D961F925204DEE9200F46F8A /* UXCurrentIndex */,
				D9720A582048B02100F81CBB /* Hryvnia Today Interbank */,
				D9720A432044AED100F81CBB /* Government budget Module  */,
				D99C89CC203B858C002C55CB /* BaseClasses */,
				D99C89CB203B8571002C55CB /* InterbankRatesModule */,
				D99C89CA203B8545002C55CB /* NBUCurrencyModule */,
			);
			path = Modules;
			sourceTree = "<group>";
		};
		D99C89CA203B8545002C55CB /* NBUCurrencyModule */ = {
			isa = PBXGroup;
			children = (
				C66903821F1CED620063BA91 /* NBURateTableViewController.swift */,
				C61F1F3D1F18C14E00F0AF87 /* NBURatesTableViewController.swift */,
				C61F1F451F18C29500F0AF87 /* NBUCurrencyRatesManager.swift */,
				D99C89CD203B85D4002C55CB /* NBURatesService.swift */,
				D99C89D1203B8D59002C55CB /* NBUCurrencyModuleBuilder.swift */,
				D9062928204B4ED800118375 /* NBUCurrencyRatesManager+DataProviderInfo.swift */,
			);
			path = NBUCurrencyModule;
			sourceTree = "<group>";
		};
		D99C89CB203B8571002C55CB /* InterbankRatesModule */ = {
			isa = PBXGroup;
			children = (
				D99C89D3203B8DBF002C55CB /* InterbankRatesModuleBuilder.swift */,
				D9720A36203E123C00F81CBB /* InterbankRatesManager.swift */,
				D9720A3C203E163300F81CBB /* InterbankRatesService.swift */,
			);
			path = InterbankRatesModule;
			sourceTree = "<group>";
		};
		D99C89CC203B858C002C55CB /* BaseClasses */ = {
			isa = PBXGroup;
			children = (
				D961F93A204F4C2200F46F8A /* DataProviderPresentingProtocol.swift */,
				D99C89C7203B850F002C55CB /* ModuleBuilderProtocol.swift */,
				D99C89CF203B8622002C55CB /* RatesServiceProtocol.swift */,
				D96B2A04203B971C00027099 /* BaseTableViewController.swift */,
				D96B2A06203CA41800027099 /* PresenterViewDelegate.swift */,
				D96B2A08203CA55A00027099 /* PresenterProtocol.swift */,
				D96B2A0E203CB39500027099 /* BaseTableCellProtocol.swift */,
				D96B2A12203CC55900027099 /* DetailControllerPresenterProtocol.swift */,
				D9720A442044B13200F81CBB /* DayDateDependedProtocol.swift */,
				D9720A4A2044BBC300F81CBB /* MonthDateDependedProtocol.swift */,
				D9720A562047E08F00F81CBB /* YearDependentProtocol.swift */,
				D9062926204B4A1200118375 /* DataProviderInfoProtocol.swift */,
			);
			path = BaseClasses;
			sourceTree = "<group>";
		};
/* End PBXGroup section */

/* Begin PBXNativeTarget section */
		C61F1F021F18B06700F0AF87 /* FinStat Ukraine */ = {
			isa = PBXNativeTarget;
			buildConfigurationList = C61F1F2E1F18B06700F0AF87 /* Build configuration list for PBXNativeTarget "FinStat Ukraine" */;
			buildPhases = (
				8375903984E80F018F6B5981 /* [CP] Check Pods Manifest.lock */,
				C61F1EFF1F18B06700F0AF87 /* Sources */,
				C61F1F001F18B06700F0AF87 /* Frameworks */,
				C61F1F011F18B06700F0AF87 /* Resources */,
				818D64EC22A715D0A0FA8AB0 /* [CP] Embed Pods Frameworks */,
				F6715DFED5ADAD276DA76EC3 /* [CP] Copy Pods Resources */,
				D982393B1F2E756B002FF8E8 /* Change build number */,
			);
			buildRules = (
			);
			dependencies = (
			);
			name = "FinStat Ukraine";
			productName = NBUStat;
			productReference = C61F1F031F18B06700F0AF87 /* FinStat Ukraine.app */;
			productType = "com.apple.product-type.application";
		};
		C61F1F191F18B06700F0AF87 /* FinStat UkraineTests */ = {
			isa = PBXNativeTarget;
			buildConfigurationList = C61F1F311F18B06700F0AF87 /* Build configuration list for PBXNativeTarget "FinStat UkraineTests" */;
			buildPhases = (
				C61F1F161F18B06700F0AF87 /* Sources */,
				C61F1F171F18B06700F0AF87 /* Frameworks */,
				C61F1F181F18B06700F0AF87 /* Resources */,
			);
			buildRules = (
			);
			dependencies = (
				C61F1F1C1F18B06700F0AF87 /* PBXTargetDependency */,
			);
			name = "FinStat UkraineTests";
			productName = NBUStatTests;
			productReference = C61F1F1A1F18B06700F0AF87 /* FinStat UkraineTests.xctest */;
			productType = "com.apple.product-type.bundle.unit-test";
		};
		C61F1F241F18B06700F0AF87 /* FinStat UkraineUITests */ = {
			isa = PBXNativeTarget;
			buildConfigurationList = C61F1F341F18B06700F0AF87 /* Build configuration list for PBXNativeTarget "FinStat UkraineUITests" */;
			buildPhases = (
				C61F1F211F18B06700F0AF87 /* Sources */,
				C61F1F221F18B06700F0AF87 /* Frameworks */,
				C61F1F231F18B06700F0AF87 /* Resources */,
			);
			buildRules = (
			);
			dependencies = (
				C61F1F271F18B06700F0AF87 /* PBXTargetDependency */,
			);
			name = "FinStat UkraineUITests";
			productName = NBUStatUITests;
			productReference = C61F1F251F18B06700F0AF87 /* FinStat UkraineUITests.xctest */;
			productType = "com.apple.product-type.bundle.ui-testing";
		};
/* End PBXNativeTarget section */

/* Begin PBXProject section */
		C61F1EFB1F18B06600F0AF87 /* Project object */ = {
			isa = PBXProject;
			attributes = {
				LastSwiftUpdateCheck = 0830;
				LastUpgradeCheck = 0920;
				ORGANIZATIONNAME = "Oleksii Tiurenkov";
				TargetAttributes = {
					C61F1F021F18B06700F0AF87 = {
						CreatedOnToolsVersion = 8.3.3;
						DevelopmentTeam = FEM5E9C5MW;
						LastSwiftMigration = 0900;
						ProvisioningStyle = Automatic;
					};
					C61F1F191F18B06700F0AF87 = {
						CreatedOnToolsVersion = 8.3.3;
						LastSwiftMigration = 0900;
						ProvisioningStyle = Automatic;
						TestTargetID = C61F1F021F18B06700F0AF87;
					};
					C61F1F241F18B06700F0AF87 = {
						CreatedOnToolsVersion = 8.3.3;
						DevelopmentTeam = FEM5E9C5MW;
						LastSwiftMigration = 0900;
						ProvisioningStyle = Automatic;
						TestTargetID = C61F1F021F18B06700F0AF87;
					};
				};
			};
			buildConfigurationList = C61F1EFE1F18B06600F0AF87 /* Build configuration list for PBXProject "FinStat Ukraine" */;
			compatibilityVersion = "Xcode 3.2";
			developmentRegion = English;
			hasScannedForEncodings = 0;
			knownRegions = (
				en,
				Base,
				uk,
				ru,
			);
			mainGroup = C61F1EFA1F18B06600F0AF87;
			productRefGroup = C61F1F041F18B06700F0AF87 /* Products */;
			projectDirPath = "";
			projectRoot = "";
			targets = (
				C61F1F021F18B06700F0AF87 /* FinStat Ukraine */,
				C61F1F191F18B06700F0AF87 /* FinStat UkraineTests */,
				C61F1F241F18B06700F0AF87 /* FinStat UkraineUITests */,
			);
		};
/* End PBXProject section */

/* Begin PBXResourcesBuildPhase section */
		C61F1F011F18B06700F0AF87 /* Resources */ = {
			isa = PBXResourcesBuildPhase;
			buildActionMask = 2147483647;
			files = (
				D96F1767203A261900869372 /* ProviderTableViewCell.xib in Resources */,
				D96B2A0D203CB36500027099 /* NBURatesTableViewCell.xib in Resources */,
				C60A0FC4204D68120010FDB3 /* RefreshController.xib in Resources */,
				C6F323CF1F2F900400363DC1 /* .travis.yml in Resources */,
				D9720A5E20492C3000F81CBB /* HrTodayTableViewCell.xib in Resources */,
				D9720A532047D7C000F81CBB /* GovermentBudgetTableViewCell.xib in Resources */,
				C6F323CB1F2F7C3100363DC1 /* Settings.bundle in Resources */,
				C61F1F141F18B06700F0AF87 /* LaunchScreen.storyboard in Resources */,
				D961F929204DEF8800F46F8A /* UXCurrentIndex.storyboard in Resources */,
				D9EC9CB1203AB05600BC8954 /* Localizable.strings in Resources */,
				D9720A41203E222D00F81CBB /* InterbankRatesTableViewCell.xib in Resources */,
				C61F1F111F18B06700F0AF87 /* Assets.xcassets in Resources */,
				D9062923204B425600118375 /* DataProviderCredits.storyboard in Resources */,
				D90629112049EBEB00118375 /* Currencies.storyboard in Resources */,
				D96F175D203A183F00869372 /* MainMasterDetail.storyboard in Resources */,
				D9720A35203E0CA000F81CBB /* CurrencyRates.storyboard in Resources */,
			);
			runOnlyForDeploymentPostprocessing = 0;
		};
		C61F1F181F18B06700F0AF87 /* Resources */ = {
			isa = PBXResourcesBuildPhase;
			buildActionMask = 2147483647;
			files = (
			);
			runOnlyForDeploymentPostprocessing = 0;
		};
		C61F1F231F18B06700F0AF87 /* Resources */ = {
			isa = PBXResourcesBuildPhase;
			buildActionMask = 2147483647;
			files = (
			);
			runOnlyForDeploymentPostprocessing = 0;
		};
/* End PBXResourcesBuildPhase section */

/* Begin PBXShellScriptBuildPhase section */
		818D64EC22A715D0A0FA8AB0 /* [CP] Embed Pods Frameworks */ = {
			isa = PBXShellScriptBuildPhase;
			buildActionMask = 2147483647;
			files = (
			);
			inputPaths = (
				"${SRCROOT}/Pods/Target Support Files/Pods-FinStat Ukraine/Pods-FinStat Ukraine-frameworks.sh",
				"${BUILT_PRODUCTS_DIR}/Alamofire/Alamofire.framework",
				"${BUILT_PRODUCTS_DIR}/Charts/Charts.framework",
				"${BUILT_PRODUCTS_DIR}/KJExpandableTableTree/KJExpandableTableTree.framework",
				"${BUILT_PRODUCTS_DIR}/NTMonthYearPicker/NTMonthYearPicker.framework",
			);
			name = "[CP] Embed Pods Frameworks";
			outputPaths = (
				"${TARGET_BUILD_DIR}/${FRAMEWORKS_FOLDER_PATH}/Alamofire.framework",
				"${TARGET_BUILD_DIR}/${FRAMEWORKS_FOLDER_PATH}/Charts.framework",
				"${TARGET_BUILD_DIR}/${FRAMEWORKS_FOLDER_PATH}/KJExpandableTableTree.framework",
				"${TARGET_BUILD_DIR}/${FRAMEWORKS_FOLDER_PATH}/NTMonthYearPicker.framework",
			);
			runOnlyForDeploymentPostprocessing = 0;
			shellPath = /bin/sh;
			shellScript = "\"${SRCROOT}/Pods/Target Support Files/Pods-FinStat Ukraine/Pods-FinStat Ukraine-frameworks.sh\"\n";
			showEnvVarsInLog = 0;
		};
		8375903984E80F018F6B5981 /* [CP] Check Pods Manifest.lock */ = {
			isa = PBXShellScriptBuildPhase;
			buildActionMask = 2147483647;
			files = (
			);
			inputPaths = (
				"${PODS_PODFILE_DIR_PATH}/Podfile.lock",
				"${PODS_ROOT}/Manifest.lock",
			);
			name = "[CP] Check Pods Manifest.lock";
			outputPaths = (
				"$(DERIVED_FILE_DIR)/Pods-FinStat Ukraine-checkManifestLockResult.txt",
			);
			runOnlyForDeploymentPostprocessing = 0;
			shellPath = /bin/sh;
			shellScript = "diff \"${PODS_PODFILE_DIR_PATH}/Podfile.lock\" \"${PODS_ROOT}/Manifest.lock\" > /dev/null\nif [ $? != 0 ] ; then\n    # print error to STDERR\n    echo \"error: The sandbox is not in sync with the Podfile.lock. Run 'pod install' or update your CocoaPods installation.\" >&2\n    exit 1\nfi\n# This output is used by Xcode 'outputs' to avoid re-running this script phase.\necho \"SUCCESS\" > \"${SCRIPT_OUTPUT_FILE_0}\"\n";
			showEnvVarsInLog = 0;
		};
		D982393B1F2E756B002FF8E8 /* Change build number */ = {
			isa = PBXShellScriptBuildPhase;
			buildActionMask = 2147483647;
			files = (
			);
			inputPaths = (
			);
			name = "Change build number";
			outputPaths = (
			);
			runOnlyForDeploymentPostprocessing = 0;
			shellPath = /bin/sh;
			shellScript = "buildNumber=$(/usr/libexec/PlistBuddy -c \"Print CFBundleVersion\" \"${PROJECT_DIR}/${INFOPLIST_FILE}\")\nbuildNumber=$(($buildNumber + 1))\n/usr/libexec/PlistBuddy -c \"Set :CFBundleVersion $buildNumber\" \"${PROJECT_DIR}/${INFOPLIST_FILE}\"";
		};
		F6715DFED5ADAD276DA76EC3 /* [CP] Copy Pods Resources */ = {
			isa = PBXShellScriptBuildPhase;
			buildActionMask = 2147483647;
			files = (
			);
			inputPaths = (
			);
			name = "[CP] Copy Pods Resources";
			outputPaths = (
			);
			runOnlyForDeploymentPostprocessing = 0;
			shellPath = /bin/sh;
			shellScript = "\"${SRCROOT}/Pods/Target Support Files/Pods-FinStat Ukraine/Pods-FinStat Ukraine-resources.sh\"\n";
			showEnvVarsInLog = 0;
		};
/* End PBXShellScriptBuildPhase section */

/* Begin PBXSourcesBuildPhase section */
		C61F1EFF1F18B06700F0AF87 /* Sources */ = {
			isa = PBXSourcesBuildPhase;
			buildActionMask = 2147483647;
			files = (
				D906290B2049E64B00118375 /* HryvniaTodayModuleBuilder.swift in Sources */,
				D961F93B204F4C2200F46F8A /* DataProviderPresentingProtocol.swift in Sources */,
				C61F1F3E1F18C14E00F0AF87 /* NBURatesTableViewController.swift in Sources */,
				D96B2A13203CC55900027099 /* DetailControllerPresenterProtocol.swift in Sources */,
				D90629192049FADE00118375 /* Sttring+Time.swift in Sources */,
				D99C89CE203B85D4002C55CB /* NBURatesService.swift in Sources */,
				D961F92F204E605B00F46F8A /* UXCurrentIndexPresenter+DataProviderInfo.swift in Sources */,
				D906291F204A052200118375 /* DifferenceComparationResult.swift in Sources */,
				D99C89D0203B8622002C55CB /* RatesServiceProtocol.swift in Sources */,
				D9062929204B4ED800118375 /* NBUCurrencyRatesManager+DataProviderInfo.swift in Sources */,
				D9EC9CA8203A2B7100BC8954 /* ProviderTableViewCell+MainScreenCellProtocol.swift in Sources */,
				C61F1F391F18B1EF00F0AF87 /* CurrencyRate.swift in Sources */,
				D99C89D4203B8DBF002C55CB /* InterbankRatesModuleBuilder.swift in Sources */,
				D906291B2049FDA400118375 /* CurrencyName.swift in Sources */,
				D906291D204A050700118375 /* String+DifferenceComparationResult.swift in Sources */,
				D96B2A0C203CB36500027099 /* NBURatesTableViewCell.swift in Sources */,
				D9720A4D2045219500F81CBB /* GovermentBudgetService.swift in Sources */,
				D90629132049ED0E00118375 /* ContainerViewController.swift in Sources */,
				D9720A472044BAEF00F81CBB /* GovermentBudgetModuleBuilder.swift in Sources */,
				D9062927204B4A1200118375 /* DataProviderInfoProtocol.swift in Sources */,
				D96B2A11203CBF7D00027099 /* MainViewController.swift in Sources */,
				D99948011F1D2D4B003AB9A2 /* CurrencyDetailContainerViewController.swift in Sources */,
				C61F1F0F1F18B06700F0AF87 /* NBUStat.xcdatamodeld in Sources */,
				D961F93D204F4F3000F46F8A /* ThemeManager.swift in Sources */,
				D90629172049F61500118375 /* String+Number.swift in Sources */,
				D96F1763203A25AB00869372 /* ProvidersListTableViewController.swift in Sources */,
				D9720A492044BB7C00F81CBB /* GovermentBudgetPresenter.swift in Sources */,
				D9720A5D20492C3000F81CBB /* HrTodayTableViewCell.swift in Sources */,
				C61F1F481F18DE9A00F0AF87 /* CurrencyViewController.swift in Sources */,
				D96B2A09203CA55A00027099 /* PresenterProtocol.swift in Sources */,
				C66903831F1CED620063BA91 /* NBURateTableViewController.swift in Sources */,
				C61F1F3B1F18B20100F0AF87 /* CurrencyRates.swift in Sources */,
				D961F933204E7A0B00F46F8A /* UXCurrencyIndexModel.swift in Sources */,
				D961F927204DEEE200F46F8A /* UXCurrentIndexModuleBuilder.swift in Sources */,
				C66903871F1D05590063BA91 /* HistoricalCurrencyRateTableViewCell.swift in Sources */,
				D9720A4B2044BBC300F81CBB /* MonthDateDependedProtocol.swift in Sources */,
				C66903851F1CF3070063BA91 /* CurrencyNavigatoinController.swift in Sources */,
				D96B2A07203CA41800027099 /* PresenterViewDelegate.swift in Sources */,
				D96F1766203A261900869372 /* ProviderTableViewCell.swift in Sources */,
				D9720A39203E12C700F81CBB /* OpenRateInUaRate.swift in Sources */,
				D90629152049EE2200118375 /* HryvniaTodayTableViewController.swift in Sources */,
				D906290D2049E6E200118375 /* HryvniaTodayService.swift in Sources */,
				C61F1F071F18B06700F0AF87 /* AppDelegate.swift in Sources */,
				D99C89C9203B850F002C55CB /* ModuleBuilderProtocol.swift in Sources */,
				C61F1F461F18C29500F0AF87 /* NBUCurrencyRatesManager.swift in Sources */,
				D9720A522047D7C000F81CBB /* GovermentBudgetTableViewCell.swift in Sources */,
				D961F92D204E5FF000F46F8A /* UXCurrentIndexPresenter.swift in Sources */,
				D9062925204B45FC00118375 /* DataProviderInfoViewController.swift in Sources */,
				D96B2A05203B971C00027099 /* BaseTableViewController.swift in Sources */,
				D9720A452044B13200F81CBB /* DayDateDependedProtocol.swift in Sources */,
				D9720A4F2045231000F81CBB /* GovermentBudgetLine.swift in Sources */,
				D9EC9CAA203A2F1B00BC8954 /* DefaultConfiguration.swift in Sources */,
				D9720A40203E222D00F81CBB /* InterbankRatesTableViewCell.swift in Sources */,
				D9720A572047E08F00F81CBB /* YearDependentProtocol.swift in Sources */,
				D96B2A0F203CB39500027099 /* BaseTableCellProtocol.swift in Sources */,
				D906290F2049E91F00118375 /* HryvniaTodayPresenter.swift in Sources */,
				D96F175F203A23E200869372 /* ModuleProvider.swift in Sources */,
				D9720A3D203E163300F81CBB /* InterbankRatesService.swift in Sources */,
				D906292B204B524D00118375 /* HryvniaTodayPresenter+DataProviderInfo.swift in Sources */,
				D9720A3B203E14F000F81CBB /* OpenRateInUaRates.swift in Sources */,
				D9EC9CA6203A2AE100BC8954 /* MainScreenCellProtocol.swift in Sources */,
				D961F931204E73CA00F46F8A /* UXCurrentIndexInteractor.swift in Sources */,
				D9062921204A06AA00118375 /* UILabel+Colorification.swift in Sources */,
				D9720A37203E123C00F81CBB /* InterbankRatesManager.swift in Sources */,
				D961F92B204DF04900F46F8A /* UXCurrentIndexViewController.swift in Sources */,
				D961F935204F493400F46F8A /* UXCurrentIndexRouter.swift in Sources */,
				C60A0FC5204D68120010FDB3 /* RefreshController.swift in Sources */,
				D99C89D2203B8D59002C55CB /* NBUCurrencyModuleBuilder.swift in Sources */,
				D9720A5A2049289D00F81CBB /* HrTodayRate.swift in Sources */,
			);
			runOnlyForDeploymentPostprocessing = 0;
		};
		C61F1F161F18B06700F0AF87 /* Sources */ = {
			isa = PBXSourcesBuildPhase;
			buildActionMask = 2147483647;
			files = (
				D96F1761203A248900869372 /* DataProvidersTests.swift in Sources */,
				C61F1F1F1F18B06700F0AF87 /* NBUStatTests.swift in Sources */,
			);
			runOnlyForDeploymentPostprocessing = 0;
		};
		C61F1F211F18B06700F0AF87 /* Sources */ = {
			isa = PBXSourcesBuildPhase;
			buildActionMask = 2147483647;
			files = (
				C61F1F2A1F18B06700F0AF87 /* NBUStatUITests.swift in Sources */,
			);
			runOnlyForDeploymentPostprocessing = 0;
		};
/* End PBXSourcesBuildPhase section */

/* Begin PBXTargetDependency section */
		C61F1F1C1F18B06700F0AF87 /* PBXTargetDependency */ = {
			isa = PBXTargetDependency;
			target = C61F1F021F18B06700F0AF87 /* FinStat Ukraine */;
			targetProxy = C61F1F1B1F18B06700F0AF87 /* PBXContainerItemProxy */;
		};
		C61F1F271F18B06700F0AF87 /* PBXTargetDependency */ = {
			isa = PBXTargetDependency;
			target = C61F1F021F18B06700F0AF87 /* FinStat Ukraine */;
			targetProxy = C61F1F261F18B06700F0AF87 /* PBXContainerItemProxy */;
		};
/* End PBXTargetDependency section */

/* Begin PBXVariantGroup section */
		C61F1F121F18B06700F0AF87 /* LaunchScreen.storyboard */ = {
			isa = PBXVariantGroup;
			children = (
				C61F1F131F18B06700F0AF87 /* Base */,
				D9EC9CAE203AB02A00BC8954 /* uk */,
				D9EC9CB0203AB04400BC8954 /* ru */,
			);
			name = LaunchScreen.storyboard;
			sourceTree = "<group>";
		};
		D96F175B203A183F00869372 /* MainMasterDetail.storyboard */ = {
			isa = PBXVariantGroup;
			children = (
				D96F175C203A183F00869372 /* Base */,
				D9EC9CAD203AB02A00BC8954 /* uk */,
				D9EC9CAF203AB04400BC8954 /* ru */,
			);
			name = MainMasterDetail.storyboard;
			sourceTree = "<group>";
		};
		D9EC9CB3203AB05600BC8954 /* Localizable.strings */ = {
			isa = PBXVariantGroup;
			children = (
				D9EC9CB2203AB05600BC8954 /* en */,
				D9EC9CB4203AB06200BC8954 /* uk */,
				D9EC9CB5203AB06300BC8954 /* ru */,
			);
			name = Localizable.strings;
			sourceTree = "<group>";
		};
/* End PBXVariantGroup section */

/* Begin XCBuildConfiguration section */
		C61F1F2C1F18B06700F0AF87 /* Debug */ = {
			isa = XCBuildConfiguration;
			buildSettings = {
				ALWAYS_SEARCH_USER_PATHS = NO;
				CLANG_ANALYZER_LOCALIZABILITY_NONLOCALIZED = YES;
				CLANG_ANALYZER_NONNULL = YES;
				CLANG_ANALYZER_NUMBER_OBJECT_CONVERSION = YES_AGGRESSIVE;
				CLANG_CXX_LANGUAGE_STANDARD = "gnu++0x";
				CLANG_CXX_LIBRARY = "libc++";
				CLANG_ENABLE_MODULES = YES;
				CLANG_ENABLE_OBJC_ARC = YES;
				CLANG_WARN_BLOCK_CAPTURE_AUTORELEASING = YES;
				CLANG_WARN_BOOL_CONVERSION = YES;
				CLANG_WARN_COMMA = YES;
				CLANG_WARN_CONSTANT_CONVERSION = YES;
				CLANG_WARN_DIRECT_OBJC_ISA_USAGE = YES_ERROR;
				CLANG_WARN_DOCUMENTATION_COMMENTS = YES;
				CLANG_WARN_EMPTY_BODY = YES;
				CLANG_WARN_ENUM_CONVERSION = YES;
				CLANG_WARN_INFINITE_RECURSION = YES;
				CLANG_WARN_INT_CONVERSION = YES;
				CLANG_WARN_NON_LITERAL_NULL_CONVERSION = YES;
				CLANG_WARN_OBJC_LITERAL_CONVERSION = YES;
				CLANG_WARN_OBJC_ROOT_CLASS = YES_ERROR;
				CLANG_WARN_RANGE_LOOP_ANALYSIS = YES;
				CLANG_WARN_STRICT_PROTOTYPES = YES;
				CLANG_WARN_SUSPICIOUS_MOVE = YES;
				CLANG_WARN_UNREACHABLE_CODE = YES;
				CLANG_WARN__DUPLICATE_METHOD_MATCH = YES;
				"CODE_SIGN_IDENTITY[sdk=iphoneos*]" = "iPhone Developer";
				COPY_PHASE_STRIP = NO;
				DEBUG_INFORMATION_FORMAT = dwarf;
				ENABLE_STRICT_OBJC_MSGSEND = YES;
				ENABLE_TESTABILITY = YES;
				GCC_C_LANGUAGE_STANDARD = gnu99;
				GCC_DYNAMIC_NO_PIC = NO;
				GCC_NO_COMMON_BLOCKS = YES;
				GCC_OPTIMIZATION_LEVEL = 0;
				GCC_PREPROCESSOR_DEFINITIONS = (
					"DEBUG=1",
					"$(inherited)",
				);
				GCC_WARN_64_TO_32_BIT_CONVERSION = YES;
				GCC_WARN_ABOUT_RETURN_TYPE = YES_ERROR;
				GCC_WARN_UNDECLARED_SELECTOR = YES;
				GCC_WARN_UNINITIALIZED_AUTOS = YES_AGGRESSIVE;
				GCC_WARN_UNUSED_FUNCTION = YES;
				GCC_WARN_UNUSED_VARIABLE = YES;
				IPHONEOS_DEPLOYMENT_TARGET = 10.3;
				MTL_ENABLE_DEBUG_INFO = YES;
				ONLY_ACTIVE_ARCH = YES;
				SDKROOT = iphoneos;
				SWIFT_ACTIVE_COMPILATION_CONDITIONS = DEBUG;
				SWIFT_OPTIMIZATION_LEVEL = "-Onone";
				TARGETED_DEVICE_FAMILY = "1,2";
			};
			name = Debug;
		};
		C61F1F2D1F18B06700F0AF87 /* Release */ = {
			isa = XCBuildConfiguration;
			buildSettings = {
				ALWAYS_SEARCH_USER_PATHS = NO;
				CLANG_ANALYZER_LOCALIZABILITY_NONLOCALIZED = YES;
				CLANG_ANALYZER_NONNULL = YES;
				CLANG_ANALYZER_NUMBER_OBJECT_CONVERSION = YES_AGGRESSIVE;
				CLANG_CXX_LANGUAGE_STANDARD = "gnu++0x";
				CLANG_CXX_LIBRARY = "libc++";
				CLANG_ENABLE_MODULES = YES;
				CLANG_ENABLE_OBJC_ARC = YES;
				CLANG_WARN_BLOCK_CAPTURE_AUTORELEASING = YES;
				CLANG_WARN_BOOL_CONVERSION = YES;
				CLANG_WARN_COMMA = YES;
				CLANG_WARN_CONSTANT_CONVERSION = YES;
				CLANG_WARN_DIRECT_OBJC_ISA_USAGE = YES_ERROR;
				CLANG_WARN_DOCUMENTATION_COMMENTS = YES;
				CLANG_WARN_EMPTY_BODY = YES;
				CLANG_WARN_ENUM_CONVERSION = YES;
				CLANG_WARN_INFINITE_RECURSION = YES;
				CLANG_WARN_INT_CONVERSION = YES;
				CLANG_WARN_NON_LITERAL_NULL_CONVERSION = YES;
				CLANG_WARN_OBJC_LITERAL_CONVERSION = YES;
				CLANG_WARN_OBJC_ROOT_CLASS = YES_ERROR;
				CLANG_WARN_RANGE_LOOP_ANALYSIS = YES;
				CLANG_WARN_STRICT_PROTOTYPES = YES;
				CLANG_WARN_SUSPICIOUS_MOVE = YES;
				CLANG_WARN_UNREACHABLE_CODE = YES;
				CLANG_WARN__DUPLICATE_METHOD_MATCH = YES;
				"CODE_SIGN_IDENTITY[sdk=iphoneos*]" = "iPhone Developer";
				COPY_PHASE_STRIP = NO;
				DEBUG_INFORMATION_FORMAT = "dwarf-with-dsym";
				ENABLE_NS_ASSERTIONS = NO;
				ENABLE_STRICT_OBJC_MSGSEND = YES;
				GCC_C_LANGUAGE_STANDARD = gnu99;
				GCC_NO_COMMON_BLOCKS = YES;
				GCC_WARN_64_TO_32_BIT_CONVERSION = YES;
				GCC_WARN_ABOUT_RETURN_TYPE = YES_ERROR;
				GCC_WARN_UNDECLARED_SELECTOR = YES;
				GCC_WARN_UNINITIALIZED_AUTOS = YES_AGGRESSIVE;
				GCC_WARN_UNUSED_FUNCTION = YES;
				GCC_WARN_UNUSED_VARIABLE = YES;
				IPHONEOS_DEPLOYMENT_TARGET = 10.3;
				MTL_ENABLE_DEBUG_INFO = NO;
				SDKROOT = iphoneos;
				SWIFT_OPTIMIZATION_LEVEL = "-Owholemodule";
				TARGETED_DEVICE_FAMILY = "1,2";
				VALIDATE_PRODUCT = YES;
			};
			name = Release;
		};
		C61F1F2F1F18B06700F0AF87 /* Debug */ = {
			isa = XCBuildConfiguration;
			baseConfigurationReference = 562E03CF43D0C2182F1EE3FD /* Pods-FinStat Ukraine.debug.xcconfig */;
			buildSettings = {
				ASSETCATALOG_COMPILER_APPICON_NAME = AppIcon;
				ASSETCATALOG_COMPILER_LAUNCHIMAGE_NAME = LaunchImage;
				DEVELOPMENT_TEAM = FEM5E9C5MW;
				INFOPLIST_FILE = NBUStat/Info.plist;
				IPHONEOS_DEPLOYMENT_TARGET = 10.0;
				LD_RUNPATH_SEARCH_PATHS = "$(inherited) @executable_path/Frameworks";
				PRODUCT_BUNDLE_IDENTIFIER = com.otiurenkov.FinStatUkraine;
				PRODUCT_NAME = "$(TARGET_NAME)";
				SDKROOT = iphoneos;
				SWIFT_SWIFT3_OBJC_INFERENCE = On;
				SWIFT_VERSION = 4.0;
				TARGETED_DEVICE_FAMILY = "1,2";
			};
			name = Debug;
		};
		C61F1F301F18B06700F0AF87 /* Release */ = {
			isa = XCBuildConfiguration;
			baseConfigurationReference = 36C7338217F534486D332FF6 /* Pods-FinStat Ukraine.release.xcconfig */;
			buildSettings = {
				ASSETCATALOG_COMPILER_APPICON_NAME = AppIcon;
				ASSETCATALOG_COMPILER_LAUNCHIMAGE_NAME = LaunchImage;
				DEVELOPMENT_TEAM = FEM5E9C5MW;
				INFOPLIST_FILE = NBUStat/Info.plist;
				IPHONEOS_DEPLOYMENT_TARGET = 10.0;
				LD_RUNPATH_SEARCH_PATHS = "$(inherited) @executable_path/Frameworks";
				PRODUCT_BUNDLE_IDENTIFIER = com.otiurenkov.FinStatUkraine;
				PRODUCT_NAME = "$(TARGET_NAME)";
				SDKROOT = iphoneos;
				SWIFT_SWIFT3_OBJC_INFERENCE = On;
				SWIFT_VERSION = 4.0;
				TARGETED_DEVICE_FAMILY = "1,2";
			};
			name = Release;
		};
		C61F1F321F18B06700F0AF87 /* Debug */ = {
			isa = XCBuildConfiguration;
			buildSettings = {
				ALWAYS_EMBED_SWIFT_STANDARD_LIBRARIES = YES;
				BUNDLE_LOADER = "$(TEST_HOST)";
				INFOPLIST_FILE = NBUStatTests/Info.plist;
				LD_RUNPATH_SEARCH_PATHS = "$(inherited) @executable_path/Frameworks @loader_path/Frameworks";
				PRODUCT_BUNDLE_IDENTIFIER = com.oleksiitiurenkov.NBUStatTests;
				PRODUCT_NAME = "$(TARGET_NAME)";
				SWIFT_SWIFT3_OBJC_INFERENCE = On;
				SWIFT_VERSION = 4.0;
				TEST_HOST = "$(BUILT_PRODUCTS_DIR)/FinStat Ukraine.app/FinStat Ukraine";
			};
			name = Debug;
		};
		C61F1F331F18B06700F0AF87 /* Release */ = {
			isa = XCBuildConfiguration;
			buildSettings = {
				ALWAYS_EMBED_SWIFT_STANDARD_LIBRARIES = YES;
				BUNDLE_LOADER = "$(TEST_HOST)";
				INFOPLIST_FILE = NBUStatTests/Info.plist;
				LD_RUNPATH_SEARCH_PATHS = "$(inherited) @executable_path/Frameworks @loader_path/Frameworks";
				PRODUCT_BUNDLE_IDENTIFIER = com.oleksiitiurenkov.NBUStatTests;
				PRODUCT_NAME = "$(TARGET_NAME)";
				SWIFT_SWIFT3_OBJC_INFERENCE = On;
				SWIFT_VERSION = 4.0;
				TEST_HOST = "$(BUILT_PRODUCTS_DIR)/FinStat Ukraine.app/FinStat Ukraine";
			};
			name = Release;
		};
		C61F1F351F18B06700F0AF87 /* Debug */ = {
			isa = XCBuildConfiguration;
			buildSettings = {
				ALWAYS_EMBED_SWIFT_STANDARD_LIBRARIES = YES;
				DEVELOPMENT_TEAM = FEM5E9C5MW;
				INFOPLIST_FILE = NBUStatUITests/Info.plist;
				LD_RUNPATH_SEARCH_PATHS = "$(inherited) @executable_path/Frameworks @loader_path/Frameworks";
				PRODUCT_BUNDLE_IDENTIFIER = com.oleksiitiurenkov.NBUStatUITests;
				PRODUCT_NAME = "$(TARGET_NAME)";
				PROVISIONING_PROFILE = "";
				SWIFT_SWIFT3_OBJC_INFERENCE = On;
				SWIFT_VERSION = 4.0;
				TEST_TARGET_NAME = "FinStat Ukraine";
			};
			name = Debug;
		};
		C61F1F361F18B06700F0AF87 /* Release */ = {
			isa = XCBuildConfiguration;
			buildSettings = {
				ALWAYS_EMBED_SWIFT_STANDARD_LIBRARIES = YES;
				DEVELOPMENT_TEAM = FEM5E9C5MW;
				INFOPLIST_FILE = NBUStatUITests/Info.plist;
				LD_RUNPATH_SEARCH_PATHS = "$(inherited) @executable_path/Frameworks @loader_path/Frameworks";
				PRODUCT_BUNDLE_IDENTIFIER = com.oleksiitiurenkov.NBUStatUITests;
				PRODUCT_NAME = "$(TARGET_NAME)";
				PROVISIONING_PROFILE = "";
				SWIFT_SWIFT3_OBJC_INFERENCE = On;
				SWIFT_VERSION = 4.0;
				TEST_TARGET_NAME = "FinStat Ukraine";
			};
			name = Release;
		};
		D982393C1F2E777F002FF8E8 /* QA */ = {
			isa = XCBuildConfiguration;
			buildSettings = {
				ALWAYS_SEARCH_USER_PATHS = NO;
				CLANG_ANALYZER_LOCALIZABILITY_NONLOCALIZED = YES;
				CLANG_ANALYZER_NONNULL = YES;
				CLANG_ANALYZER_NUMBER_OBJECT_CONVERSION = YES_AGGRESSIVE;
				CLANG_CXX_LANGUAGE_STANDARD = "gnu++0x";
				CLANG_CXX_LIBRARY = "libc++";
				CLANG_ENABLE_MODULES = YES;
				CLANG_ENABLE_OBJC_ARC = YES;
				CLANG_WARN_BLOCK_CAPTURE_AUTORELEASING = YES;
				CLANG_WARN_BOOL_CONVERSION = YES;
				CLANG_WARN_COMMA = YES;
				CLANG_WARN_CONSTANT_CONVERSION = YES;
				CLANG_WARN_DIRECT_OBJC_ISA_USAGE = YES_ERROR;
				CLANG_WARN_DOCUMENTATION_COMMENTS = YES;
				CLANG_WARN_EMPTY_BODY = YES;
				CLANG_WARN_ENUM_CONVERSION = YES;
				CLANG_WARN_INFINITE_RECURSION = YES;
				CLANG_WARN_INT_CONVERSION = YES;
				CLANG_WARN_NON_LITERAL_NULL_CONVERSION = YES;
				CLANG_WARN_OBJC_LITERAL_CONVERSION = YES;
				CLANG_WARN_OBJC_ROOT_CLASS = YES_ERROR;
				CLANG_WARN_RANGE_LOOP_ANALYSIS = YES;
				CLANG_WARN_STRICT_PROTOTYPES = YES;
				CLANG_WARN_SUSPICIOUS_MOVE = YES;
				CLANG_WARN_UNREACHABLE_CODE = YES;
				CLANG_WARN__DUPLICATE_METHOD_MATCH = YES;
				"CODE_SIGN_IDENTITY[sdk=iphoneos*]" = "iPhone Developer";
				COPY_PHASE_STRIP = NO;
				DEBUG_INFORMATION_FORMAT = dwarf;
				ENABLE_STRICT_OBJC_MSGSEND = YES;
				ENABLE_TESTABILITY = YES;
				GCC_C_LANGUAGE_STANDARD = gnu99;
				GCC_DYNAMIC_NO_PIC = NO;
				GCC_NO_COMMON_BLOCKS = YES;
				GCC_OPTIMIZATION_LEVEL = 0;
				GCC_PREPROCESSOR_DEFINITIONS = (
					"DEBUG=1",
					"$(inherited)",
				);
				GCC_WARN_64_TO_32_BIT_CONVERSION = YES;
				GCC_WARN_ABOUT_RETURN_TYPE = YES_ERROR;
				GCC_WARN_UNDECLARED_SELECTOR = YES;
				GCC_WARN_UNINITIALIZED_AUTOS = YES_AGGRESSIVE;
				GCC_WARN_UNUSED_FUNCTION = YES;
				GCC_WARN_UNUSED_VARIABLE = YES;
				IPHONEOS_DEPLOYMENT_TARGET = 10.3;
				MTL_ENABLE_DEBUG_INFO = YES;
				ONLY_ACTIVE_ARCH = YES;
				SDKROOT = iphoneos;
				SWIFT_ACTIVE_COMPILATION_CONDITIONS = DEBUG;
				SWIFT_OPTIMIZATION_LEVEL = "-Onone";
				TARGETED_DEVICE_FAMILY = "1,2";
			};
			name = QA;
		};
		D982393D1F2E777F002FF8E8 /* QA */ = {
			isa = XCBuildConfiguration;
			baseConfigurationReference = 0C52D5A5C0AE05480F805285 /* Pods-FinStat Ukraine.qa.xcconfig */;
			buildSettings = {
				ASSETCATALOG_COMPILER_APPICON_NAME = AppIcon;
				ASSETCATALOG_COMPILER_LAUNCHIMAGE_NAME = LaunchImage;
				DEVELOPMENT_TEAM = FEM5E9C5MW;
				INFOPLIST_FILE = "NBUStat/Info-QA.plist";
				IPHONEOS_DEPLOYMENT_TARGET = 10.0;
				LD_RUNPATH_SEARCH_PATHS = "$(inherited) @executable_path/Frameworks";
				OTHER_SWIFT_FLAGS = "$(inherited)";
				PRODUCT_BUNDLE_IDENTIFIER = com.otiurenkov.FinStatUkraine;
				PRODUCT_NAME = "$(TARGET_NAME)";
				SDKROOT = iphoneos;
				SWIFT_SWIFT3_OBJC_INFERENCE = On;
				SWIFT_VERSION = 4.0;
				TARGETED_DEVICE_FAMILY = "1,2";
			};
			name = QA;
		};
		D982393E1F2E777F002FF8E8 /* QA */ = {
			isa = XCBuildConfiguration;
			buildSettings = {
				ALWAYS_EMBED_SWIFT_STANDARD_LIBRARIES = YES;
				BUNDLE_LOADER = "$(TEST_HOST)";
				INFOPLIST_FILE = NBUStatTests/Info.plist;
				LD_RUNPATH_SEARCH_PATHS = "$(inherited) @executable_path/Frameworks @loader_path/Frameworks";
				PRODUCT_BUNDLE_IDENTIFIER = com.oleksiitiurenkov.NBUStatTests;
				PRODUCT_NAME = "$(TARGET_NAME)";
				SWIFT_SWIFT3_OBJC_INFERENCE = On;
				SWIFT_VERSION = 4.0;
				TEST_HOST = "$(BUILT_PRODUCTS_DIR)/FinStat Ukraine.app/FinStat Ukraine";
			};
			name = QA;
		};
		D982393F1F2E777F002FF8E8 /* QA */ = {
			isa = XCBuildConfiguration;
			buildSettings = {
				ALWAYS_EMBED_SWIFT_STANDARD_LIBRARIES = YES;
				DEVELOPMENT_TEAM = FEM5E9C5MW;
				INFOPLIST_FILE = NBUStatUITests/Info.plist;
				LD_RUNPATH_SEARCH_PATHS = "$(inherited) @executable_path/Frameworks @loader_path/Frameworks";
				PRODUCT_BUNDLE_IDENTIFIER = com.oleksiitiurenkov.NBUStatUITests;
				PRODUCT_NAME = "$(TARGET_NAME)";
				PROVISIONING_PROFILE = "";
				SWIFT_SWIFT3_OBJC_INFERENCE = On;
				SWIFT_VERSION = 4.0;
				TEST_TARGET_NAME = "FinStat Ukraine";
			};
			name = QA;
		};
/* End XCBuildConfiguration section */

/* Begin XCConfigurationList section */
		C61F1EFE1F18B06600F0AF87 /* Build configuration list for PBXProject "FinStat Ukraine" */ = {
			isa = XCConfigurationList;
			buildConfigurations = (
				C61F1F2C1F18B06700F0AF87 /* Debug */,
				D982393C1F2E777F002FF8E8 /* QA */,
				C61F1F2D1F18B06700F0AF87 /* Release */,
			);
			defaultConfigurationIsVisible = 0;
			defaultConfigurationName = Release;
		};
		C61F1F2E1F18B06700F0AF87 /* Build configuration list for PBXNativeTarget "FinStat Ukraine" */ = {
			isa = XCConfigurationList;
			buildConfigurations = (
				C61F1F2F1F18B06700F0AF87 /* Debug */,
				D982393D1F2E777F002FF8E8 /* QA */,
				C61F1F301F18B06700F0AF87 /* Release */,
			);
			defaultConfigurationIsVisible = 0;
			defaultConfigurationName = Release;
		};
		C61F1F311F18B06700F0AF87 /* Build configuration list for PBXNativeTarget "FinStat UkraineTests" */ = {
			isa = XCConfigurationList;
			buildConfigurations = (
				C61F1F321F18B06700F0AF87 /* Debug */,
				D982393E1F2E777F002FF8E8 /* QA */,
				C61F1F331F18B06700F0AF87 /* Release */,
			);
			defaultConfigurationIsVisible = 0;
			defaultConfigurationName = Release;
		};
		C61F1F341F18B06700F0AF87 /* Build configuration list for PBXNativeTarget "FinStat UkraineUITests" */ = {
			isa = XCConfigurationList;
			buildConfigurations = (
				C61F1F351F18B06700F0AF87 /* Debug */,
				D982393F1F2E777F002FF8E8 /* QA */,
				C61F1F361F18B06700F0AF87 /* Release */,
			);
			defaultConfigurationIsVisible = 0;
			defaultConfigurationName = Release;
		};
/* End XCConfigurationList section */

/* Begin XCVersionGroup section */
		C61F1F0D1F18B06700F0AF87 /* NBUStat.xcdatamodeld */ = {
			isa = XCVersionGroup;
			children = (
				C61F1F0E1F18B06700F0AF87 /* NBUStat.xcdatamodel */,
			);
			currentVersion = C61F1F0E1F18B06700F0AF87 /* NBUStat.xcdatamodel */;
			path = NBUStat.xcdatamodeld;
			sourceTree = "<group>";
			versionGroupType = wrapper.xcdatamodel;
		};
/* End XCVersionGroup section */
	};
	rootObject = C61F1EFB1F18B06600F0AF87 /* Project object */;
}
